Microsoft Visual Studio Solution File, Format Version 12.00
# Visual Studio 2013
Project("{8BC9CEB8-8B4A-11D0-8D11-00A0C91BC942}") = "ALL_BUILD", "ALL_BUILD.vcxproj", "{2130C3A4-73AD-447A-8AB3-651A0D9498D2}"
	ProjectSection(ProjectDependencies) = postProject
		{1B5D73B6-946C-441D-89DB-BD0C6D52F807} = {1B5D73B6-946C-441D-89DB-BD0C6D52F807}
		{C80493A2-1425-462D-AEF8-81522C712B33} = {C80493A2-1425-462D-AEF8-81522C712B33}
		{0DAFEC54-8C0B-4EEF-9D4B-C22E3236808E} = {0DAFEC54-8C0B-4EEF-9D4B-C22E3236808E}
		{C4EE5994-8794-418B-A2A9-5EAB521CEA03} = {C4EE5994-8794-418B-A2A9-5EAB521CEA03}
		{C203BA54-FE99-4342-A712-B324339042A5} = {C203BA54-FE99-4342-A712-B324339042A5}
		{4AD22FFC-ABE1-4E6F-8387-F773CDFE86F4} = {4AD22FFC-ABE1-4E6F-8387-F773CDFE86F4}
		{9453C50C-D991-45C5-8B7F-5C77CFE62F3B} = {9453C50C-D991-45C5-8B7F-5C77CFE62F3B}
		{11F5BA43-303A-43D1-ADB3-8FFC840B98F6} = {11F5BA43-303A-43D1-ADB3-8FFC840B98F6}
		{BB1293D0-165C-4EF6-8E57-4756D42F07B5} = {BB1293D0-165C-4EF6-8E57-4756D42F07B5}
		{23B2D1C5-0CD9-4BE7-BDD2-6AC16662CEE0} = {23B2D1C5-0CD9-4BE7-BDD2-6AC16662CEE0}
		{1DD30684-4453-4DAD-B461-FB6B0985CFC3} = {1DD30684-4453-4DAD-B461-FB6B0985CFC3}
		{C481B3BD-E662-4118-A8C7-8FA8A7BBBE12} = {C481B3BD-E662-4118-A8C7-8FA8A7BBBE12}
		{827A7366-3B9C-4660-B80F-25C2831C7720} = {827A7366-3B9C-4660-B80F-25C2831C7720}
		{23CC59BF-DF56-4646-B726-85B54B238A09} = {23CC59BF-DF56-4646-B726-85B54B238A09}
		{BD88B5FE-BF22-4D57-890B-8D110B8F7E04} = {BD88B5FE-BF22-4D57-890B-8D110B8F7E04}
		{62F48AE5-5D3A-457A-A092-4820094E2C5B} = {62F48AE5-5D3A-457A-A092-4820094E2C5B}
		{9A32C295-60DF-4BB9-94A6-1668D2AC1AAC} = {9A32C295-60DF-4BB9-94A6-1668D2AC1AAC}
		{17FB00A0-2CC7-40FE-8B8A-29096E780223} = {17FB00A0-2CC7-40FE-8B8A-29096E780223}
		{CC71DC29-A097-4AE1-9255-21969C9C9C7E} = {CC71DC29-A097-4AE1-9255-21969C9C9C7E}
		{DF25B2FD-3390-4199-8D68-73926CC59756} = {DF25B2FD-3390-4199-8D68-73926CC59756}
		{18102B9D-C6EC-4453-9F1C-DAB1EE171848} = {18102B9D-C6EC-4453-9F1C-DAB1EE171848}
		{1DECBAAC-CE65-474B-A63D-B7D13E44A8C3} = {1DECBAAC-CE65-474B-A63D-B7D13E44A8C3}
		{3302AD19-92AD-4089-B74B-B959AD69B756} = {3302AD19-92AD-4089-B74B-B959AD69B756}
		{B36E3AC8-3F9D-4988-8403-68FD76F2430D} = {B36E3AC8-3F9D-4988-8403-68FD76F2430D}
	EndProjectSection
EndProject
Project("{8BC9CEB8-8B4A-11D0-8D11-00A0C91BC942}") = "H5detect", "..\src\H5detect.vcxproj", "{CC713B69-F727-4C1A-845D-ACE4D5E0D839}"
	ProjectSection(ProjectDependencies) = postProject
		{AD513AB9-C9AA-4A69-AFF0-FCF0673F29AE} = {AD513AB9-C9AA-4A69-AFF0-FCF0673F29AE}
	EndProjectSection
EndProject
Project("{8BC9CEB8-8B4A-11D0-8D11-00A0C91BC942}") = "H5make_libsettings", "..\src\H5make_libsettings.vcxproj", "{A5B1F9EA-9D9A-49B9-884F-A682876C769C}"
	ProjectSection(ProjectDependencies) = postProject
		{AD513AB9-C9AA-4A69-AFF0-FCF0673F29AE} = {AD513AB9-C9AA-4A69-AFF0-FCF0673F29AE}
	EndProjectSection
EndProject
Project("{8BC9CEB8-8B4A-11D0-8D11-00A0C91BC942}") = "INSTALL", "INSTALL.vcxproj", "{E11CE814-9069-4E02-81D3-D8FC67553A33}"
	ProjectSection(ProjectDependencies) = postProject
		{2130C3A4-73AD-447A-8AB3-651A0D9498D2} = {2130C3A4-73AD-447A-8AB3-651A0D9498D2}
	EndProjectSection
EndProject
Project("{8BC9CEB8-8B4A-11D0-8D11-00A0C91BC942}") = "PACKAGE", "PACKAGE.vcxproj", "{CC0C7064-2685-4848-80F6-3C41122FD82E}"
	ProjectSection(ProjectDependencies) = postProject
		{2130C3A4-73AD-447A-8AB3-651A0D9498D2} = {2130C3A4-73AD-447A-8AB3-651A0D9498D2}
	EndProjectSection
EndProject
Project("{8BC9CEB8-8B4A-11D0-8D11-00A0C91BC942}") = "ZERO_CHECK", "..\ZERO_CHECK.vcxproj", "{AD513AB9-C9AA-4A69-AFF0-FCF0673F29AE}"
	ProjectSection(ProjectDependencies) = postProject
	EndProjectSection
EndProject
Project("{8BC9CEB8-8B4A-11D0-8D11-00A0C91BC942}") = "h5_attribute", "h5_attribute.vcxproj", "{1B5D73B6-946C-441D-89DB-BD0C6D52F807}"
	ProjectSection(ProjectDependencies) = postProject
		{AD513AB9-C9AA-4A69-AFF0-FCF0673F29AE} = {AD513AB9-C9AA-4A69-AFF0-FCF0673F29AE}
		{274463BB-40FA-4111-A3E3-9175A6F95E14} = {274463BB-40FA-4111-A3E3-9175A6F95E14}
	EndProjectSection
EndProject
Project("{8BC9CEB8-8B4A-11D0-8D11-00A0C91BC942}") = "h5_chunk_read", "h5_chunk_read.vcxproj", "{C80493A2-1425-462D-AEF8-81522C712B33}"
	ProjectSection(ProjectDependencies) = postProject
		{AD513AB9-C9AA-4A69-AFF0-FCF0673F29AE} = {AD513AB9-C9AA-4A69-AFF0-FCF0673F29AE}
		{274463BB-40FA-4111-A3E3-9175A6F95E14} = {274463BB-40FA-4111-A3E3-9175A6F95E14}
	EndProjectSection
EndProject
Project("{8BC9CEB8-8B4A-11D0-8D11-00A0C91BC942}") = "h5_cmprss", "h5_cmprss.vcxproj", "{0DAFEC54-8C0B-4EEF-9D4B-C22E3236808E}"
	ProjectSection(ProjectDependencies) = postProject
		{AD513AB9-C9AA-4A69-AFF0-FCF0673F29AE} = {AD513AB9-C9AA-4A69-AFF0-FCF0673F29AE}
		{274463BB-40FA-4111-A3E3-9175A6F95E14} = {274463BB-40FA-4111-A3E3-9175A6F95E14}
	EndProjectSection
EndProject
Project("{8BC9CEB8-8B4A-11D0-8D11-00A0C91BC942}") = "h5_compound", "h5_compound.vcxproj", "{C4EE5994-8794-418B-A2A9-5EAB521CEA03}"
	ProjectSection(ProjectDependencies) = postProject
		{AD513AB9-C9AA-4A69-AFF0-FCF0673F29AE} = {AD513AB9-C9AA-4A69-AFF0-FCF0673F29AE}
		{274463BB-40FA-4111-A3E3-9175A6F95E14} = {274463BB-40FA-4111-A3E3-9175A6F95E14}
	EndProjectSection
EndProject
Project("{8BC9CEB8-8B4A-11D0-8D11-00A0C91BC942}") = "h5_crtatt", "h5_crtatt.vcxproj", "{C203BA54-FE99-4342-A712-B324339042A5}"
	ProjectSection(ProjectDependencies) = postProject
		{AD513AB9-C9AA-4A69-AFF0-FCF0673F29AE} = {AD513AB9-C9AA-4A69-AFF0-FCF0673F29AE}
		{274463BB-40FA-4111-A3E3-9175A6F95E14} = {274463BB-40FA-4111-A3E3-9175A6F95E14}
	EndProjectSection
EndProject
Project("{8BC9CEB8-8B4A-11D0-8D11-00A0C91BC942}") = "h5_crtdat", "h5_crtdat.vcxproj", "{4AD22FFC-ABE1-4E6F-8387-F773CDFE86F4}"
	ProjectSection(ProjectDependencies) = postProject
		{AD513AB9-C9AA-4A69-AFF0-FCF0673F29AE} = {AD513AB9-C9AA-4A69-AFF0-FCF0673F29AE}
		{274463BB-40FA-4111-A3E3-9175A6F95E14} = {274463BB-40FA-4111-A3E3-9175A6F95E14}
	EndProjectSection
EndProject
Project("{8BC9CEB8-8B4A-11D0-8D11-00A0C91BC942}") = "h5_crtgrp", "h5_crtgrp.vcxproj", "{9453C50C-D991-45C5-8B7F-5C77CFE62F3B}"
	ProjectSection(ProjectDependencies) = postProject
		{AD513AB9-C9AA-4A69-AFF0-FCF0673F29AE} = {AD513AB9-C9AA-4A69-AFF0-FCF0673F29AE}
		{274463BB-40FA-4111-A3E3-9175A6F95E14} = {274463BB-40FA-4111-A3E3-9175A6F95E14}
	EndProjectSection
EndProject
Project("{8BC9CEB8-8B4A-11D0-8D11-00A0C91BC942}") = "h5_crtgrpar", "h5_crtgrpar.vcxproj", "{11F5BA43-303A-43D1-ADB3-8FFC840B98F6}"
	ProjectSection(ProjectDependencies) = postProject
		{AD513AB9-C9AA-4A69-AFF0-FCF0673F29AE} = {AD513AB9-C9AA-4A69-AFF0-FCF0673F29AE}
		{274463BB-40FA-4111-A3E3-9175A6F95E14} = {274463BB-40FA-4111-A3E3-9175A6F95E14}
	EndProjectSection
EndProject
Project("{8BC9CEB8-8B4A-11D0-8D11-00A0C91BC942}") = "h5_crtgrpd", "h5_crtgrpd.vcxproj", "{BB1293D0-165C-4EF6-8E57-4756D42F07B5}"
	ProjectSection(ProjectDependencies) = postProject
		{AD513AB9-C9AA-4A69-AFF0-FCF0673F29AE} = {AD513AB9-C9AA-4A69-AFF0-FCF0673F29AE}
		{274463BB-40FA-4111-A3E3-9175A6F95E14} = {274463BB-40FA-4111-A3E3-9175A6F95E14}
	EndProjectSection
EndProject
Project("{8BC9CEB8-8B4A-11D0-8D11-00A0C91BC942}") = "h5_drivers", "h5_drivers.vcxproj", "{23B2D1C5-0CD9-4BE7-BDD2-6AC16662CEE0}"
	ProjectSection(ProjectDependencies) = postProject
		{AD513AB9-C9AA-4A69-AFF0-FCF0673F29AE} = {AD513AB9-C9AA-4A69-AFF0-FCF0673F29AE}
		{274463BB-40FA-4111-A3E3-9175A6F95E14} = {274463BB-40FA-4111-A3E3-9175A6F95E14}
	EndProjectSection
EndProject
Project("{8BC9CEB8-8B4A-11D0-8D11-00A0C91BC942}") = "h5_elink_unix2win", "h5_elink_unix2win.vcxproj", "{1DD30684-4453-4DAD-B461-FB6B0985CFC3}"
	ProjectSection(ProjectDependencies) = postProject
		{AD513AB9-C9AA-4A69-AFF0-FCF0673F29AE} = {AD513AB9-C9AA-4A69-AFF0-FCF0673F29AE}
		{274463BB-40FA-4111-A3E3-9175A6F95E14} = {274463BB-40FA-4111-A3E3-9175A6F95E14}
	EndProjectSection
EndProject
Project("{8BC9CEB8-8B4A-11D0-8D11-00A0C91BC942}") = "h5_extend", "h5_extend.vcxproj", "{C481B3BD-E662-4118-A8C7-8FA8A7BBBE12}"
	ProjectSection(ProjectDependencies) = postProject
		{AD513AB9-C9AA-4A69-AFF0-FCF0673F29AE} = {AD513AB9-C9AA-4A69-AFF0-FCF0673F29AE}
		{274463BB-40FA-4111-A3E3-9175A6F95E14} = {274463BB-40FA-4111-A3E3-9175A6F95E14}
	EndProjectSection
EndProject
Project("{8BC9CEB8-8B4A-11D0-8D11-00A0C91BC942}") = "h5_extend_write", "h5_extend_write.vcxproj", "{827A7366-3B9C-4660-B80F-25C2831C7720}"
	ProjectSection(ProjectDependencies) = postProject
		{AD513AB9-C9AA-4A69-AFF0-FCF0673F29AE} = {AD513AB9-C9AA-4A69-AFF0-FCF0673F29AE}
		{274463BB-40FA-4111-A3E3-9175A6F95E14} = {274463BB-40FA-4111-A3E3-9175A6F95E14}
	EndProjectSection
EndProject
Project("{8BC9CEB8-8B4A-11D0-8D11-00A0C91BC942}") = "h5_extlink", "h5_extlink.vcxproj", "{23CC59BF-DF56-4646-B726-85B54B238A09}"
	ProjectSection(ProjectDependencies) = postProject
		{AD513AB9-C9AA-4A69-AFF0-FCF0673F29AE} = {AD513AB9-C9AA-4A69-AFF0-FCF0673F29AE}
		{274463BB-40FA-4111-A3E3-9175A6F95E14} = {274463BB-40FA-4111-A3E3-9175A6F95E14}
	EndProjectSection
EndProject
Project("{8BC9CEB8-8B4A-11D0-8D11-00A0C91BC942}") = "h5_group", "h5_group.vcxproj", "{BD88B5FE-BF22-4D57-890B-8D110B8F7E04}"
	ProjectSection(ProjectDependencies) = postProject
		{AD513AB9-C9AA-4A69-AFF0-FCF0673F29AE} = {AD513AB9-C9AA-4A69-AFF0-FCF0673F29AE}
		{274463BB-40FA-4111-A3E3-9175A6F95E14} = {274463BB-40FA-4111-A3E3-9175A6F95E14}
	EndProjectSection
EndProject
Project("{8BC9CEB8-8B4A-11D0-8D11-00A0C91BC942}") = "h5_mount", "h5_mount.vcxproj", "{62F48AE5-5D3A-457A-A092-4820094E2C5B}"
	ProjectSection(ProjectDependencies) = postProject
		{AD513AB9-C9AA-4A69-AFF0-FCF0673F29AE} = {AD513AB9-C9AA-4A69-AFF0-FCF0673F29AE}
		{274463BB-40FA-4111-A3E3-9175A6F95E14} = {274463BB-40FA-4111-A3E3-9175A6F95E14}
	EndProjectSection
EndProject
Project("{8BC9CEB8-8B4A-11D0-8D11-00A0C91BC942}") = "h5_rdwt", "h5_rdwt.vcxproj", "{9A32C295-60DF-4BB9-94A6-1668D2AC1AAC}"
	ProjectSection(ProjectDependencies) = postProject
		{AD513AB9-C9AA-4A69-AFF0-FCF0673F29AE} = {AD513AB9-C9AA-4A69-AFF0-FCF0673F29AE}
		{274463BB-40FA-4111-A3E3-9175A6F95E14} = {274463BB-40FA-4111-A3E3-9175A6F95E14}
	EndProjectSection
EndProject
Project("{8BC9CEB8-8B4A-11D0-8D11-00A0C91BC942}") = "h5_read", "h5_read.vcxproj", "{17FB00A0-2CC7-40FE-8B8A-29096E780223}"
	ProjectSection(ProjectDependencies) = postProject
		{AD513AB9-C9AA-4A69-AFF0-FCF0673F29AE} = {AD513AB9-C9AA-4A69-AFF0-FCF0673F29AE}
		{274463BB-40FA-4111-A3E3-9175A6F95E14} = {274463BB-40FA-4111-A3E3-9175A6F95E14}
	EndProjectSection
EndProject
Project("{8BC9CEB8-8B4A-11D0-8D11-00A0C91BC942}") = "h5_ref2reg", "h5_ref2reg.vcxproj", "{CC71DC29-A097-4AE1-9255-21969C9C9C7E}"
	ProjectSection(ProjectDependencies) = postProject
		{AD513AB9-C9AA-4A69-AFF0-FCF0673F29AE} = {AD513AB9-C9AA-4A69-AFF0-FCF0673F29AE}
		{274463BB-40FA-4111-A3E3-9175A6F95E14} = {274463BB-40FA-4111-A3E3-9175A6F95E14}
	EndProjectSection
EndProject
Project("{8BC9CEB8-8B4A-11D0-8D11-00A0C91BC942}") = "h5_reference", "h5_reference.vcxproj", "{DF25B2FD-3390-4199-8D68-73926CC59756}"
	ProjectSection(ProjectDependencies) = postProject
		{AD513AB9-C9AA-4A69-AFF0-FCF0673F29AE} = {AD513AB9-C9AA-4A69-AFF0-FCF0673F29AE}
		{274463BB-40FA-4111-A3E3-9175A6F95E14} = {274463BB-40FA-4111-A3E3-9175A6F95E14}
	EndProjectSection
EndProject
Project("{8BC9CEB8-8B4A-11D0-8D11-00A0C91BC942}") = "h5_select", "h5_select.vcxproj", "{18102B9D-C6EC-4453-9F1C-DAB1EE171848}"
	ProjectSection(ProjectDependencies) = postProject
		{AD513AB9-C9AA-4A69-AFF0-FCF0673F29AE} = {AD513AB9-C9AA-4A69-AFF0-FCF0673F29AE}
		{274463BB-40FA-4111-A3E3-9175A6F95E14} = {274463BB-40FA-4111-A3E3-9175A6F95E14}
	EndProjectSection
EndProject
Project("{8BC9CEB8-8B4A-11D0-8D11-00A0C91BC942}") = "h5_shared_mesg", "h5_shared_mesg.vcxproj", "{1DECBAAC-CE65-474B-A63D-B7D13E44A8C3}"
	ProjectSection(ProjectDependencies) = postProject
		{AD513AB9-C9AA-4A69-AFF0-FCF0673F29AE} = {AD513AB9-C9AA-4A69-AFF0-FCF0673F29AE}
		{274463BB-40FA-4111-A3E3-9175A6F95E14} = {274463BB-40FA-4111-A3E3-9175A6F95E14}
	EndProjectSection
EndProject
Project("{8BC9CEB8-8B4A-11D0-8D11-00A0C91BC942}") = "h5_subset", "h5_subset.vcxproj", "{3302AD19-92AD-4089-B74B-B959AD69B756}"
	ProjectSection(ProjectDependencies) = postProject
		{AD513AB9-C9AA-4A69-AFF0-FCF0673F29AE} = {AD513AB9-C9AA-4A69-AFF0-FCF0673F29AE}
		{274463BB-40FA-4111-A3E3-9175A6F95E14} = {274463BB-40FA-4111-A3E3-9175A6F95E14}
	EndProjectSection
EndProject
Project("{8BC9CEB8-8B4A-11D0-8D11-00A0C91BC942}") = "h5_write", "h5_write.vcxproj", "{B36E3AC8-3F9D-4988-8403-68FD76F2430D}"
	ProjectSection(ProjectDependencies) = postProject
		{AD513AB9-C9AA-4A69-AFF0-FCF0673F29AE} = {AD513AB9-C9AA-4A69-AFF0-FCF0673F29AE}
		{274463BB-40FA-4111-A3E3-9175A6F95E14} = {274463BB-40FA-4111-A3E3-9175A6F95E14}
	EndProjectSection
EndProject
Project("{8BC9CEB8-8B4A-11D0-8D11-00A0C91BC942}") = "hdf5", "..\src\hdf5.vcxproj", "{274463BB-40FA-4111-A3E3-9175A6F95E14}"
	ProjectSection(ProjectDependencies) = postProject
		{CC713B69-F727-4C1A-845D-ACE4D5E0D839} = {CC713B69-F727-4C1A-845D-ACE4D5E0D839}
		{A5B1F9EA-9D9A-49B9-884F-A682876C769C} = {A5B1F9EA-9D9A-49B9-884F-A682876C769C}
		{AD513AB9-C9AA-4A69-AFF0-FCF0673F29AE} = {AD513AB9-C9AA-4A69-AFF0-FCF0673F29AE}
	EndProjectSection
EndProject
Project("{2150E333-8FDC-42A3-9474-1A3956D46DE8}") = "CMakePredefinedTargets", "CMakePredefinedTargets", "{A12C0EBF-7D79-456C-B640-F0C1E1409E98}"
EndProject
Project("{2150E333-8FDC-42A3-9474-1A3956D46DE8}") = "examples", "examples", "{DCE03CD5-0AC7-4298-965C-7E9D4B70857D}"
EndProject
Project("{2150E333-8FDC-42A3-9474-1A3956D46DE8}") = "libraries", "libraries", "{7207960D-C0FF-4050-BC52-D120E6F7961D}"
EndProject
Global
	GlobalSection(SolutionConfigurationPlatforms) = preSolution
		Debug|Win32 = Debug|Win32
		Release|Win32 = Release|Win32
		MinSizeRel|Win32 = MinSizeRel|Win32
		RelWithDebInfo|Win32 = RelWithDebInfo|Win32
	EndGlobalSection
	GlobalSection(ProjectConfigurationPlatforms) = postSolution
		{2130C3A4-73AD-447A-8AB3-651A0D9498D2}.Debug|Win32.ActiveCfg = Debug|Win32
		{2130C3A4-73AD-447A-8AB3-651A0D9498D2}.Debug|Win32.Build.0 = Debug|Win32
		{2130C3A4-73AD-447A-8AB3-651A0D9498D2}.Release|Win32.ActiveCfg = Release|Win32
		{2130C3A4-73AD-447A-8AB3-651A0D9498D2}.Release|Win32.Build.0 = Release|Win32
		{2130C3A4-73AD-447A-8AB3-651A0D9498D2}.MinSizeRel|Win32.ActiveCfg = MinSizeRel|Win32
		{2130C3A4-73AD-447A-8AB3-651A0D9498D2}.MinSizeRel|Win32.Build.0 = MinSizeRel|Win32
		{2130C3A4-73AD-447A-8AB3-651A0D9498D2}.RelWithDebInfo|Win32.ActiveCfg = RelWithDebInfo|Win32
		{2130C3A4-73AD-447A-8AB3-651A0D9498D2}.RelWithDebInfo|Win32.Build.0 = RelWithDebInfo|Win32
		{CC713B69-F727-4C1A-845D-ACE4D5E0D839}.Debug|Win32.ActiveCfg = Debug|Win32
		{CC713B69-F727-4C1A-845D-ACE4D5E0D839}.Debug|Win32.Build.0 = Debug|Win32
		{CC713B69-F727-4C1A-845D-ACE4D5E0D839}.Release|Win32.ActiveCfg = Release|Win32
		{CC713B69-F727-4C1A-845D-ACE4D5E0D839}.Release|Win32.Build.0 = Release|Win32
		{CC713B69-F727-4C1A-845D-ACE4D5E0D839}.MinSizeRel|Win32.ActiveCfg = MinSizeRel|Win32
		{CC713B69-F727-4C1A-845D-ACE4D5E0D839}.MinSizeRel|Win32.Build.0 = MinSizeRel|Win32
		{CC713B69-F727-4C1A-845D-ACE4D5E0D839}.RelWithDebInfo|Win32.ActiveCfg = RelWithDebInfo|Win32
		{CC713B69-F727-4C1A-845D-ACE4D5E0D839}.RelWithDebInfo|Win32.Build.0 = RelWithDebInfo|Win32
		{A5B1F9EA-9D9A-49B9-884F-A682876C769C}.Debug|Win32.ActiveCfg = Debug|Win32
		{A5B1F9EA-9D9A-49B9-884F-A682876C769C}.Debug|Win32.Build.0 = Debug|Win32
		{A5B1F9EA-9D9A-49B9-884F-A682876C769C}.Release|Win32.ActiveCfg = Release|Win32
		{A5B1F9EA-9D9A-49B9-884F-A682876C769C}.Release|Win32.Build.0 = Release|Win32
		{A5B1F9EA-9D9A-49B9-884F-A682876C769C}.MinSizeRel|Win32.ActiveCfg = MinSizeRel|Win32
		{A5B1F9EA-9D9A-49B9-884F-A682876C769C}.MinSizeRel|Win32.Build.0 = MinSizeRel|Win32
		{A5B1F9EA-9D9A-49B9-884F-A682876C769C}.RelWithDebInfo|Win32.ActiveCfg = RelWithDebInfo|Win32
		{A5B1F9EA-9D9A-49B9-884F-A682876C769C}.RelWithDebInfo|Win32.Build.0 = RelWithDebInfo|Win32
		{E11CE814-9069-4E02-81D3-D8FC67553A33}.Debug|Win32.ActiveCfg = Debug|Win32
		{E11CE814-9069-4E02-81D3-D8FC67553A33}.Release|Win32.ActiveCfg = Release|Win32
		{E11CE814-9069-4E02-81D3-D8FC67553A33}.MinSizeRel|Win32.ActiveCfg = MinSizeRel|Win32
		{E11CE814-9069-4E02-81D3-D8FC67553A33}.RelWithDebInfo|Win32.ActiveCfg = RelWithDebInfo|Win32
		{CC0C7064-2685-4848-80F6-3C41122FD82E}.Debug|Win32.ActiveCfg = Debug|Win32
		{CC0C7064-2685-4848-80F6-3C41122FD82E}.Release|Win32.ActiveCfg = Release|Win32
		{CC0C7064-2685-4848-80F6-3C41122FD82E}.MinSizeRel|Win32.ActiveCfg = MinSizeRel|Win32
		{CC0C7064-2685-4848-80F6-3C41122FD82E}.RelWithDebInfo|Win32.ActiveCfg = RelWithDebInfo|Win32
		{AD513AB9-C9AA-4A69-AFF0-FCF0673F29AE}.Debug|Win32.ActiveCfg = Debug|Win32
		{AD513AB9-C9AA-4A69-AFF0-FCF0673F29AE}.Debug|Win32.Build.0 = Debug|Win32
		{AD513AB9-C9AA-4A69-AFF0-FCF0673F29AE}.Release|Win32.ActiveCfg = Release|Win32
		{AD513AB9-C9AA-4A69-AFF0-FCF0673F29AE}.Release|Win32.Build.0 = Release|Win32
		{AD513AB9-C9AA-4A69-AFF0-FCF0673F29AE}.MinSizeRel|Win32.ActiveCfg = MinSizeRel|Win32
		{AD513AB9-C9AA-4A69-AFF0-FCF0673F29AE}.MinSizeRel|Win32.Build.0 = MinSizeRel|Win32
		{AD513AB9-C9AA-4A69-AFF0-FCF0673F29AE}.RelWithDebInfo|Win32.ActiveCfg = RelWithDebInfo|Win32
		{AD513AB9-C9AA-4A69-AFF0-FCF0673F29AE}.RelWithDebInfo|Win32.Build.0 = RelWithDebInfo|Win32
		{1B5D73B6-946C-441D-89DB-BD0C6D52F807}.Debug|Win32.ActiveCfg = Debug|Win32
		{1B5D73B6-946C-441D-89DB-BD0C6D52F807}.Debug|Win32.Build.0 = Debug|Win32
		{1B5D73B6-946C-441D-89DB-BD0C6D52F807}.Release|Win32.ActiveCfg = Release|Win32
		{1B5D73B6-946C-441D-89DB-BD0C6D52F807}.Release|Win32.Build.0 = Release|Win32
		{1B5D73B6-946C-441D-89DB-BD0C6D52F807}.MinSizeRel|Win32.ActiveCfg = MinSizeRel|Win32
		{1B5D73B6-946C-441D-89DB-BD0C6D52F807}.MinSizeRel|Win32.Build.0 = MinSizeRel|Win32
		{1B5D73B6-946C-441D-89DB-BD0C6D52F807}.RelWithDebInfo|Win32.ActiveCfg = RelWithDebInfo|Win32
		{1B5D73B6-946C-441D-89DB-BD0C6D52F807}.RelWithDebInfo|Win32.Build.0 = RelWithDebInfo|Win32
		{C80493A2-1425-462D-AEF8-81522C712B33}.Debug|Win32.ActiveCfg = Debug|Win32
		{C80493A2-1425-462D-AEF8-81522C712B33}.Debug|Win32.Build.0 = Debug|Win32
		{C80493A2-1425-462D-AEF8-81522C712B33}.Release|Win32.ActiveCfg = Release|Win32
		{C80493A2-1425-462D-AEF8-81522C712B33}.Release|Win32.Build.0 = Release|Win32
		{C80493A2-1425-462D-AEF8-81522C712B33}.MinSizeRel|Win32.ActiveCfg = MinSizeRel|Win32
		{C80493A2-1425-462D-AEF8-81522C712B33}.MinSizeRel|Win32.Build.0 = MinSizeRel|Win32
		{C80493A2-1425-462D-AEF8-81522C712B33}.RelWithDebInfo|Win32.ActiveCfg = RelWithDebInfo|Win32
		{C80493A2-1425-462D-AEF8-81522C712B33}.RelWithDebInfo|Win32.Build.0 = RelWithDebInfo|Win32
		{0DAFEC54-8C0B-4EEF-9D4B-C22E3236808E}.Debug|Win32.ActiveCfg = Debug|Win32
		{0DAFEC54-8C0B-4EEF-9D4B-C22E3236808E}.Debug|Win32.Build.0 = Debug|Win32
		{0DAFEC54-8C0B-4EEF-9D4B-C22E3236808E}.Release|Win32.ActiveCfg = Release|Win32
		{0DAFEC54-8C0B-4EEF-9D4B-C22E3236808E}.Release|Win32.Build.0 = Release|Win32
		{0DAFEC54-8C0B-4EEF-9D4B-C22E3236808E}.MinSizeRel|Win32.ActiveCfg = MinSizeRel|Win32
		{0DAFEC54-8C0B-4EEF-9D4B-C22E3236808E}.MinSizeRel|Win32.Build.0 = MinSizeRel|Win32
		{0DAFEC54-8C0B-4EEF-9D4B-C22E3236808E}.RelWithDebInfo|Win32.ActiveCfg = RelWithDebInfo|Win32
		{0DAFEC54-8C0B-4EEF-9D4B-C22E3236808E}.RelWithDebInfo|Win32.Build.0 = RelWithDebInfo|Win32
		{C4EE5994-8794-418B-A2A9-5EAB521CEA03}.Debug|Win32.ActiveCfg = Debug|Win32
		{C4EE5994-8794-418B-A2A9-5EAB521CEA03}.Debug|Win32.Build.0 = Debug|Win32
		{C4EE5994-8794-418B-A2A9-5EAB521CEA03}.Release|Win32.ActiveCfg = Release|Win32
		{C4EE5994-8794-418B-A2A9-5EAB521CEA03}.Release|Win32.Build.0 = Release|Win32
		{C4EE5994-8794-418B-A2A9-5EAB521CEA03}.MinSizeRel|Win32.ActiveCfg = MinSizeRel|Win32
		{C4EE5994-8794-418B-A2A9-5EAB521CEA03}.MinSizeRel|Win32.Build.0 = MinSizeRel|Win32
		{C4EE5994-8794-418B-A2A9-5EAB521CEA03}.RelWithDebInfo|Win32.ActiveCfg = RelWithDebInfo|Win32
		{C4EE5994-8794-418B-A2A9-5EAB521CEA03}.RelWithDebInfo|Win32.Build.0 = RelWithDebInfo|Win32
		{C203BA54-FE99-4342-A712-B324339042A5}.Debug|Win32.ActiveCfg = Debug|Win32
		{C203BA54-FE99-4342-A712-B324339042A5}.Debug|Win32.Build.0 = Debug|Win32
		{C203BA54-FE99-4342-A712-B324339042A5}.Release|Win32.ActiveCfg = Release|Win32
		{C203BA54-FE99-4342-A712-B324339042A5}.Release|Win32.Build.0 = Release|Win32
		{C203BA54-FE99-4342-A712-B324339042A5}.MinSizeRel|Win32.ActiveCfg = MinSizeRel|Win32
		{C203BA54-FE99-4342-A712-B324339042A5}.MinSizeRel|Win32.Build.0 = MinSizeRel|Win32
		{C203BA54-FE99-4342-A712-B324339042A5}.RelWithDebInfo|Win32.ActiveCfg = RelWithDebInfo|Win32
		{C203BA54-FE99-4342-A712-B324339042A5}.RelWithDebInfo|Win32.Build.0 = RelWithDebInfo|Win32
		{4AD22FFC-ABE1-4E6F-8387-F773CDFE86F4}.Debug|Win32.ActiveCfg = Debug|Win32
		{4AD22FFC-ABE1-4E6F-8387-F773CDFE86F4}.Debug|Win32.Build.0 = Debug|Win32
		{4AD22FFC-ABE1-4E6F-8387-F773CDFE86F4}.Release|Win32.ActiveCfg = Release|Win32
		{4AD22FFC-ABE1-4E6F-8387-F773CDFE86F4}.Release|Win32.Build.0 = Release|Win32
		{4AD22FFC-ABE1-4E6F-8387-F773CDFE86F4}.MinSizeRel|Win32.ActiveCfg = MinSizeRel|Win32
		{4AD22FFC-ABE1-4E6F-8387-F773CDFE86F4}.MinSizeRel|Win32.Build.0 = MinSizeRel|Win32
		{4AD22FFC-ABE1-4E6F-8387-F773CDFE86F4}.RelWithDebInfo|Win32.ActiveCfg = RelWithDebInfo|Win32
		{4AD22FFC-ABE1-4E6F-8387-F773CDFE86F4}.RelWithDebInfo|Win32.Build.0 = RelWithDebInfo|Win32
		{9453C50C-D991-45C5-8B7F-5C77CFE62F3B}.Debug|Win32.ActiveCfg = Debug|Win32
		{9453C50C-D991-45C5-8B7F-5C77CFE62F3B}.Debug|Win32.Build.0 = Debug|Win32
		{9453C50C-D991-45C5-8B7F-5C77CFE62F3B}.Release|Win32.ActiveCfg = Release|Win32
		{9453C50C-D991-45C5-8B7F-5C77CFE62F3B}.Release|Win32.Build.0 = Release|Win32
		{9453C50C-D991-45C5-8B7F-5C77CFE62F3B}.MinSizeRel|Win32.ActiveCfg = MinSizeRel|Win32
		{9453C50C-D991-45C5-8B7F-5C77CFE62F3B}.MinSizeRel|Win32.Build.0 = MinSizeRel|Win32
		{9453C50C-D991-45C5-8B7F-5C77CFE62F3B}.RelWithDebInfo|Win32.ActiveCfg = RelWithDebInfo|Win32
		{9453C50C-D991-45C5-8B7F-5C77CFE62F3B}.RelWithDebInfo|Win32.Build.0 = RelWithDebInfo|Win32
		{11F5BA43-303A-43D1-ADB3-8FFC840B98F6}.Debug|Win32.ActiveCfg = Debug|Win32
		{11F5BA43-303A-43D1-ADB3-8FFC840B98F6}.Debug|Win32.Build.0 = Debug|Win32
		{11F5BA43-303A-43D1-ADB3-8FFC840B98F6}.Release|Win32.ActiveCfg = Release|Win32
		{11F5BA43-303A-43D1-ADB3-8FFC840B98F6}.Release|Win32.Build.0 = Release|Win32
		{11F5BA43-303A-43D1-ADB3-8FFC840B98F6}.MinSizeRel|Win32.ActiveCfg = MinSizeRel|Win32
		{11F5BA43-303A-43D1-ADB3-8FFC840B98F6}.MinSizeRel|Win32.Build.0 = MinSizeRel|Win32
		{11F5BA43-303A-43D1-ADB3-8FFC840B98F6}.RelWithDebInfo|Win32.ActiveCfg = RelWithDebInfo|Win32
		{11F5BA43-303A-43D1-ADB3-8FFC840B98F6}.RelWithDebInfo|Win32.Build.0 = RelWithDebInfo|Win32
		{BB1293D0-165C-4EF6-8E57-4756D42F07B5}.Debug|Win32.ActiveCfg = Debug|Win32
		{BB1293D0-165C-4EF6-8E57-4756D42F07B5}.Debug|Win32.Build.0 = Debug|Win32
		{BB1293D0-165C-4EF6-8E57-4756D42F07B5}.Release|Win32.ActiveCfg = Release|Win32
		{BB1293D0-165C-4EF6-8E57-4756D42F07B5}.Release|Win32.Build.0 = Release|Win32
		{BB1293D0-165C-4EF6-8E57-4756D42F07B5}.MinSizeRel|Win32.ActiveCfg = MinSizeRel|Win32
		{BB1293D0-165C-4EF6-8E57-4756D42F07B5}.MinSizeRel|Win32.Build.0 = MinSizeRel|Win32
		{BB1293D0-165C-4EF6-8E57-4756D42F07B5}.RelWithDebInfo|Win32.ActiveCfg = RelWithDebInfo|Win32
		{BB1293D0-165C-4EF6-8E57-4756D42F07B5}.RelWithDebInfo|Win32.Build.0 = RelWithDebInfo|Win32
		{23B2D1C5-0CD9-4BE7-BDD2-6AC16662CEE0}.Debug|Win32.ActiveCfg = Debug|Win32
		{23B2D1C5-0CD9-4BE7-BDD2-6AC16662CEE0}.Debug|Win32.Build.0 = Debug|Win32
		{23B2D1C5-0CD9-4BE7-BDD2-6AC16662CEE0}.Release|Win32.ActiveCfg = Release|Win32
		{23B2D1C5-0CD9-4BE7-BDD2-6AC16662CEE0}.Release|Win32.Build.0 = Release|Win32
		{23B2D1C5-0CD9-4BE7-BDD2-6AC16662CEE0}.MinSizeRel|Win32.ActiveCfg = MinSizeRel|Win32
		{23B2D1C5-0CD9-4BE7-BDD2-6AC16662CEE0}.MinSizeRel|Win32.Build.0 = MinSizeRel|Win32
		{23B2D1C5-0CD9-4BE7-BDD2-6AC16662CEE0}.RelWithDebInfo|Win32.ActiveCfg = RelWithDebInfo|Win32
		{23B2D1C5-0CD9-4BE7-BDD2-6AC16662CEE0}.RelWithDebInfo|Win32.Build.0 = RelWithDebInfo|Win32
		{1DD30684-4453-4DAD-B461-FB6B0985CFC3}.Debug|Win32.ActiveCfg = Debug|Win32
		{1DD30684-4453-4DAD-B461-FB6B0985CFC3}.Debug|Win32.Build.0 = Debug|Win32
		{1DD30684-4453-4DAD-B461-FB6B0985CFC3}.Release|Win32.ActiveCfg = Release|Win32
		{1DD30684-4453-4DAD-B461-FB6B0985CFC3}.Release|Win32.Build.0 = Release|Win32
		{1DD30684-4453-4DAD-B461-FB6B0985CFC3}.MinSizeRel|Win32.ActiveCfg = MinSizeRel|Win32
		{1DD30684-4453-4DAD-B461-FB6B0985CFC3}.MinSizeRel|Win32.Build.0 = MinSizeRel|Win32
		{1DD30684-4453-4DAD-B461-FB6B0985CFC3}.RelWithDebInfo|Win32.ActiveCfg = RelWithDebInfo|Win32
		{1DD30684-4453-4DAD-B461-FB6B0985CFC3}.RelWithDebInfo|Win32.Build.0 = RelWithDebInfo|Win32
		{C481B3BD-E662-4118-A8C7-8FA8A7BBBE12}.Debug|Win32.ActiveCfg = Debug|Win32
		{C481B3BD-E662-4118-A8C7-8FA8A7BBBE12}.Debug|Win32.Build.0 = Debug|Win32
		{C481B3BD-E662-4118-A8C7-8FA8A7BBBE12}.Release|Win32.ActiveCfg = Release|Win32
		{C481B3BD-E662-4118-A8C7-8FA8A7BBBE12}.Release|Win32.Build.0 = Release|Win32
		{C481B3BD-E662-4118-A8C7-8FA8A7BBBE12}.MinSizeRel|Win32.ActiveCfg = MinSizeRel|Win32
		{C481B3BD-E662-4118-A8C7-8FA8A7BBBE12}.MinSizeRel|Win32.Build.0 = MinSizeRel|Win32
		{C481B3BD-E662-4118-A8C7-8FA8A7BBBE12}.RelWithDebInfo|Win32.ActiveCfg = RelWithDebInfo|Win32
		{C481B3BD-E662-4118-A8C7-8FA8A7BBBE12}.RelWithDebInfo|Win32.Build.0 = RelWithDebInfo|Win32
		{827A7366-3B9C-4660-B80F-25C2831C7720}.Debug|Win32.ActiveCfg = Debug|Win32
		{827A7366-3B9C-4660-B80F-25C2831C7720}.Debug|Win32.Build.0 = Debug|Win32
		{827A7366-3B9C-4660-B80F-25C2831C7720}.Release|Win32.ActiveCfg = Release|Win32
		{827A7366-3B9C-4660-B80F-25C2831C7720}.Release|Win32.Build.0 = Release|Win32
		{827A7366-3B9C-4660-B80F-25C2831C7720}.MinSizeRel|Win32.ActiveCfg = MinSizeRel|Win32
		{827A7366-3B9C-4660-B80F-25C2831C7720}.MinSizeRel|Win32.Build.0 = MinSizeRel|Win32
		{827A7366-3B9C-4660-B80F-25C2831C7720}.RelWithDebInfo|Win32.ActiveCfg = RelWithDebInfo|Win32
		{827A7366-3B9C-4660-B80F-25C2831C7720}.RelWithDebInfo|Win32.Build.0 = RelWithDebInfo|Win32
		{23CC59BF-DF56-4646-B726-85B54B238A09}.Debug|Win32.ActiveCfg = Debug|Win32
		{23CC59BF-DF56-4646-B726-85B54B238A09}.Debug|Win32.Build.0 = Debug|Win32
		{23CC59BF-DF56-4646-B726-85B54B238A09}.Release|Win32.ActiveCfg = Release|Win32
		{23CC59BF-DF56-4646-B726-85B54B238A09}.Release|Win32.Build.0 = Release|Win32
		{23CC59BF-DF56-4646-B726-85B54B238A09}.MinSizeRel|Win32.ActiveCfg = MinSizeRel|Win32
		{23CC59BF-DF56-4646-B726-85B54B238A09}.MinSizeRel|Win32.Build.0 = MinSizeRel|Win32
		{23CC59BF-DF56-4646-B726-85B54B238A09}.RelWithDebInfo|Win32.ActiveCfg = RelWithDebInfo|Win32
		{23CC59BF-DF56-4646-B726-85B54B238A09}.RelWithDebInfo|Win32.Build.0 = RelWithDebInfo|Win32
		{BD88B5FE-BF22-4D57-890B-8D110B8F7E04}.Debug|Win32.ActiveCfg = Debug|Win32
		{BD88B5FE-BF22-4D57-890B-8D110B8F7E04}.Debug|Win32.Build.0 = Debug|Win32
		{BD88B5FE-BF22-4D57-890B-8D110B8F7E04}.Release|Win32.ActiveCfg = Release|Win32
		{BD88B5FE-BF22-4D57-890B-8D110B8F7E04}.Release|Win32.Build.0 = Release|Win32
		{BD88B5FE-BF22-4D57-890B-8D110B8F7E04}.MinSizeRel|Win32.ActiveCfg = MinSizeRel|Win32
		{BD88B5FE-BF22-4D57-890B-8D110B8F7E04}.MinSizeRel|Win32.Build.0 = MinSizeRel|Win32
		{BD88B5FE-BF22-4D57-890B-8D110B8F7E04}.RelWithDebInfo|Win32.ActiveCfg = RelWithDebInfo|Win32
		{BD88B5FE-BF22-4D57-890B-8D110B8F7E04}.RelWithDebInfo|Win32.Build.0 = RelWithDebInfo|Win32
		{62F48AE5-5D3A-457A-A092-4820094E2C5B}.Debug|Win32.ActiveCfg = Debug|Win32
		{62F48AE5-5D3A-457A-A092-4820094E2C5B}.Debug|Win32.Build.0 = Debug|Win32
		{62F48AE5-5D3A-457A-A092-4820094E2C5B}.Release|Win32.ActiveCfg = Release|Win32
		{62F48AE5-5D3A-457A-A092-4820094E2C5B}.Release|Win32.Build.0 = Release|Win32
		{62F48AE5-5D3A-457A-A092-4820094E2C5B}.MinSizeRel|Win32.ActiveCfg = MinSizeRel|Win32
		{62F48AE5-5D3A-457A-A092-4820094E2C5B}.MinSizeRel|Win32.Build.0 = MinSizeRel|Win32
		{62F48AE5-5D3A-457A-A092-4820094E2C5B}.RelWithDebInfo|Win32.ActiveCfg = RelWithDebInfo|Win32
		{62F48AE5-5D3A-457A-A092-4820094E2C5B}.RelWithDebInfo|Win32.Build.0 = RelWithDebInfo|Win32
		{9A32C295-60DF-4BB9-94A6-1668D2AC1AAC}.Debug|Win32.ActiveCfg = Debug|Win32
		{9A32C295-60DF-4BB9-94A6-1668D2AC1AAC}.Debug|Win32.Build.0 = Debug|Win32
		{9A32C295-60DF-4BB9-94A6-1668D2AC1AAC}.Release|Win32.ActiveCfg = Release|Win32
		{9A32C295-60DF-4BB9-94A6-1668D2AC1AAC}.Release|Win32.Build.0 = Release|Win32
		{9A32C295-60DF-4BB9-94A6-1668D2AC1AAC}.MinSizeRel|Win32.ActiveCfg = MinSizeRel|Win32
		{9A32C295-60DF-4BB9-94A6-1668D2AC1AAC}.MinSizeRel|Win32.Build.0 = MinSizeRel|Win32
		{9A32C295-60DF-4BB9-94A6-1668D2AC1AAC}.RelWithDebInfo|Win32.ActiveCfg = RelWithDebInfo|Win32
		{9A32C295-60DF-4BB9-94A6-1668D2AC1AAC}.RelWithDebInfo|Win32.Build.0 = RelWithDebInfo|Win32
		{17FB00A0-2CC7-40FE-8B8A-29096E780223}.Debug|Win32.ActiveCfg = Debug|Win32
		{17FB00A0-2CC7-40FE-8B8A-29096E780223}.Debug|Win32.Build.0 = Debug|Win32
		{17FB00A0-2CC7-40FE-8B8A-29096E780223}.Release|Win32.ActiveCfg = Release|Win32
		{17FB00A0-2CC7-40FE-8B8A-29096E780223}.Release|Win32.Build.0 = Release|Win32
		{17FB00A0-2CC7-40FE-8B8A-29096E780223}.MinSizeRel|Win32.ActiveCfg = MinSizeRel|Win32
		{17FB00A0-2CC7-40FE-8B8A-29096E780223}.MinSizeRel|Win32.Build.0 = MinSizeRel|Win32
		{17FB00A0-2CC7-40FE-8B8A-29096E780223}.RelWithDebInfo|Win32.ActiveCfg = RelWithDebInfo|Win32
		{17FB00A0-2CC7-40FE-8B8A-29096E780223}.RelWithDebInfo|Win32.Build.0 = RelWithDebInfo|Win32
		{CC71DC29-A097-4AE1-9255-21969C9C9C7E}.Debug|Win32.ActiveCfg = Debug|Win32
		{CC71DC29-A097-4AE1-9255-21969C9C9C7E}.Debug|Win32.Build.0 = Debug|Win32
		{CC71DC29-A097-4AE1-9255-21969C9C9C7E}.Release|Win32.ActiveCfg = Release|Win32
		{CC71DC29-A097-4AE1-9255-21969C9C9C7E}.Release|Win32.Build.0 = Release|Win32
		{CC71DC29-A097-4AE1-9255-21969C9C9C7E}.MinSizeRel|Win32.ActiveCfg = MinSizeRel|Win32
		{CC71DC29-A097-4AE1-9255-21969C9C9C7E}.MinSizeRel|Win32.Build.0 = MinSizeRel|Win32
		{CC71DC29-A097-4AE1-9255-21969C9C9C7E}.RelWithDebInfo|Win32.ActiveCfg = RelWithDebInfo|Win32
		{CC71DC29-A097-4AE1-9255-21969C9C9C7E}.RelWithDebInfo|Win32.Build.0 = RelWithDebInfo|Win32
		{DF25B2FD-3390-4199-8D68-73926CC59756}.Debug|Win32.ActiveCfg = Debug|Win32
		{DF25B2FD-3390-4199-8D68-73926CC59756}.Debug|Win32.Build.0 = Debug|Win32
		{DF25B2FD-3390-4199-8D68-73926CC59756}.Release|Win32.ActiveCfg = Release|Win32
		{DF25B2FD-3390-4199-8D68-73926CC59756}.Release|Win32.Build.0 = Release|Win32
		{DF25B2FD-3390-4199-8D68-73926CC59756}.MinSizeRel|Win32.ActiveCfg = MinSizeRel|Win32
		{DF25B2FD-3390-4199-8D68-73926CC59756}.MinSizeRel|Win32.Build.0 = MinSizeRel|Win32
		{DF25B2FD-3390-4199-8D68-73926CC59756}.RelWithDebInfo|Win32.ActiveCfg = RelWithDebInfo|Win32
		{DF25B2FD-3390-4199-8D68-73926CC59756}.RelWithDebInfo|Win32.Build.0 = RelWithDebInfo|Win32
		{18102B9D-C6EC-4453-9F1C-DAB1EE171848}.Debug|Win32.ActiveCfg = Debug|Win32
		{18102B9D-C6EC-4453-9F1C-DAB1EE171848}.Debug|Win32.Build.0 = Debug|Win32
		{18102B9D-C6EC-4453-9F1C-DAB1EE171848}.Release|Win32.ActiveCfg = Release|Win32
		{18102B9D-C6EC-4453-9F1C-DAB1EE171848}.Release|Win32.Build.0 = Release|Win32
		{18102B9D-C6EC-4453-9F1C-DAB1EE171848}.MinSizeRel|Win32.ActiveCfg = MinSizeRel|Win32
		{18102B9D-C6EC-4453-9F1C-DAB1EE171848}.MinSizeRel|Win32.Build.0 = MinSizeRel|Win32
		{18102B9D-C6EC-4453-9F1C-DAB1EE171848}.RelWithDebInfo|Win32.ActiveCfg = RelWithDebInfo|Win32
		{18102B9D-C6EC-4453-9F1C-DAB1EE171848}.RelWithDebInfo|Win32.Build.0 = RelWithDebInfo|Win32
		{1DECBAAC-CE65-474B-A63D-B7D13E44A8C3}.Debug|Win32.ActiveCfg = Debug|Win32
		{1DECBAAC-CE65-474B-A63D-B7D13E44A8C3}.Debug|Win32.Build.0 = Debug|Win32
		{1DECBAAC-CE65-474B-A63D-B7D13E44A8C3}.Release|Win32.ActiveCfg = Release|Win32
		{1DECBAAC-CE65-474B-A63D-B7D13E44A8C3}.Release|Win32.Build.0 = Release|Win32
		{1DECBAAC-CE65-474B-A63D-B7D13E44A8C3}.MinSizeRel|Win32.ActiveCfg = MinSizeRel|Win32
		{1DECBAAC-CE65-474B-A63D-B7D13E44A8C3}.MinSizeRel|Win32.Build.0 = MinSizeRel|Win32
		{1DECBAAC-CE65-474B-A63D-B7D13E44A8C3}.RelWithDebInfo|Win32.ActiveCfg = RelWithDebInfo|Win32
		{1DECBAAC-CE65-474B-A63D-B7D13E44A8C3}.RelWithDebInfo|Win32.Build.0 = RelWithDebInfo|Win32
		{3302AD19-92AD-4089-B74B-B959AD69B756}.Debug|Win32.ActiveCfg = Debug|Win32
		{3302AD19-92AD-4089-B74B-B959AD69B756}.Debug|Win32.Build.0 = Debug|Win32
		{3302AD19-92AD-4089-B74B-B959AD69B756}.Release|Win32.ActiveCfg = Release|Win32
		{3302AD19-92AD-4089-B74B-B959AD69B756}.Release|Win32.Build.0 = Release|Win32
		{3302AD19-92AD-4089-B74B-B959AD69B756}.MinSizeRel|Win32.ActiveCfg = MinSizeRel|Win32
		{3302AD19-92AD-4089-B74B-B959AD69B756}.MinSizeRel|Win32.Build.0 = MinSizeRel|Win32
		{3302AD19-92AD-4089-B74B-B959AD69B756}.RelWithDebInfo|Win32.ActiveCfg = RelWithDebInfo|Win32
		{3302AD19-92AD-4089-B74B-B959AD69B756}.RelWithDebInfo|Win32.Build.0 = RelWithDebInfo|Win32
		{B36E3AC8-3F9D-4988-8403-68FD76F2430D}.Debug|Win32.ActiveCfg = Debug|Win32
		{B36E3AC8-3F9D-4988-8403-68FD76F2430D}.Debug|Win32.Build.0 = Debug|Win32
		{B36E3AC8-3F9D-4988-8403-68FD76F2430D}.Release|Win32.ActiveCfg = Release|Win32
		{B36E3AC8-3F9D-4988-8403-68FD76F2430D}.Release|Win32.Build.0 = Release|Win32
		{B36E3AC8-3F9D-4988-8403-68FD76F2430D}.MinSizeRel|Win32.ActiveCfg = MinSizeRel|Win32
		{B36E3AC8-3F9D-4988-8403-68FD76F2430D}.MinSizeRel|Win32.Build.0 = MinSizeRel|Win32
		{B36E3AC8-3F9D-4988-8403-68FD76F2430D}.RelWithDebInfo|Win32.ActiveCfg = RelWithDebInfo|Win32
		{B36E3AC8-3F9D-4988-8403-68FD76F2430D}.RelWithDebInfo|Win32.Build.0 = RelWithDebInfo|Win32
		{274463BB-40FA-4111-A3E3-9175A6F95E14}.Debug|Win32.ActiveCfg = Debug|Win32
		{274463BB-40FA-4111-A3E3-9175A6F95E14}.Debug|Win32.Build.0 = Debug|Win32
		{274463BB-40FA-4111-A3E3-9175A6F95E14}.Release|Win32.ActiveCfg = Release|Win32
		{274463BB-40FA-4111-A3E3-9175A6F95E14}.Release|Win32.Build.0 = Release|Win32
		{274463BB-40FA-4111-A3E3-9175A6F95E14}.MinSizeRel|Win32.ActiveCfg = MinSizeRel|Win32
		{274463BB-40FA-4111-A3E3-9175A6F95E14}.MinSizeRel|Win32.Build.0 = MinSizeRel|Win32
		{274463BB-40FA-4111-A3E3-9175A6F95E14}.RelWithDebInfo|Win32.ActiveCfg = RelWithDebInfo|Win32
		{274463BB-40FA-4111-A3E3-9175A6F95E14}.RelWithDebInfo|Win32.Build.0 = RelWithDebInfo|Win32
	EndGlobalSection
	GlobalSection(NestedProjects) = preSolution
		{E11CE814-9069-4E02-81D3-D8FC67553A33} = {A12C0EBF-7D79-456C-B640-F0C1E1409E98}
		{CC0C7064-2685-4848-80F6-3C41122FD82E} = {A12C0EBF-7D79-456C-B640-F0C1E1409E98}
		{AD513AB9-C9AA-4A69-AFF0-FCF0673F29AE} = {A12C0EBF-7D79-456C-B640-F0C1E1409E98}
		{1B5D73B6-946C-441D-89DB-BD0C6D52F807} = {DCE03CD5-0AC7-4298-965C-7E9D4B70857D}
		{C80493A2-1425-462D-AEF8-81522C712B33} = {DCE03CD5-0AC7-4298-965C-7E9D4B70857D}
		{0DAFEC54-8C0B-4EEF-9D4B-C22E3236808E} = {DCE03CD5-0AC7-4298-965C-7E9D4B70857D}
		{C4EE5994-8794-418B-A2A9-5EAB521CEA03} = {DCE03CD5-0AC7-4298-965C-7E9D4B70857D}
		{C203BA54-FE99-4342-A712-B324339042A5} = {DCE03CD5-0AC7-4298-965C-7E9D4B70857D}
		{4AD22FFC-ABE1-4E6F-8387-F773CDFE86F4} = {DCE03CD5-0AC7-4298-965C-7E9D4B70857D}
		{9453C50C-D991-45C5-8B7F-5C77CFE62F3B} = {DCE03CD5-0AC7-4298-965C-7E9D4B70857D}
		{11F5BA43-303A-43D1-ADB3-8FFC840B98F6} = {DCE03CD5-0AC7-4298-965C-7E9D4B70857D}
		{BB1293D0-165C-4EF6-8E57-4756D42F07B5} = {DCE03CD5-0AC7-4298-965C-7E9D4B70857D}
		{23B2D1C5-0CD9-4BE7-BDD2-6AC16662CEE0} = {DCE03CD5-0AC7-4298-965C-7E9D4B70857D}
		{1DD30684-4453-4DAD-B461-FB6B0985CFC3} = {DCE03CD5-0AC7-4298-965C-7E9D4B70857D}
		{C481B3BD-E662-4118-A8C7-8FA8A7BBBE12} = {DCE03CD5-0AC7-4298-965C-7E9D4B70857D}
		{827A7366-3B9C-4660-B80F-25C2831C7720} = {DCE03CD5-0AC7-4298-965C-7E9D4B70857D}
		{23CC59BF-DF56-4646-B726-85B54B238A09} = {DCE03CD5-0AC7-4298-965C-7E9D4B70857D}
		{BD88B5FE-BF22-4D57-890B-8D110B8F7E04} = {DCE03CD5-0AC7-4298-965C-7E9D4B70857D}
		{62F48AE5-5D3A-457A-A092-4820094E2C5B} = {DCE03CD5-0AC7-4298-965C-7E9D4B70857D}
		{9A32C295-60DF-4BB9-94A6-1668D2AC1AAC} = {DCE03CD5-0AC7-4298-965C-7E9D4B70857D}
		{17FB00A0-2CC7-40FE-8B8A-29096E780223} = {DCE03CD5-0AC7-4298-965C-7E9D4B70857D}
		{CC71DC29-A097-4AE1-9255-21969C9C9C7E} = {DCE03CD5-0AC7-4298-965C-7E9D4B70857D}
		{DF25B2FD-3390-4199-8D68-73926CC59756} = {DCE03CD5-0AC7-4298-965C-7E9D4B70857D}
		{18102B9D-C6EC-4453-9F1C-DAB1EE171848} = {DCE03CD5-0AC7-4298-965C-7E9D4B70857D}
		{1DECBAAC-CE65-474B-A63D-B7D13E44A8C3} = {DCE03CD5-0AC7-4298-965C-7E9D4B70857D}
		{3302AD19-92AD-4089-B74B-B959AD69B756} = {DCE03CD5-0AC7-4298-965C-7E9D4B70857D}
		{B36E3AC8-3F9D-4988-8403-68FD76F2430D} = {DCE03CD5-0AC7-4298-965C-7E9D4B70857D}
		{274463BB-40FA-4111-A3E3-9175A6F95E14} = {7207960D-C0FF-4050-BC52-D120E6F7961D}
	EndGlobalSection
	GlobalSection(ExtensibilityGlobals) = postSolution
	EndGlobalSection
	GlobalSection(ExtensibilityAddIns) = postSolution
	EndGlobalSection
EndGlobal
