Microsoft Visual Studio Solution File, Format Version 12.00
# Visual Studio 2013
Project("{8BC9CEB8-8B4A-11D0-8D11-00A0C91BC942}") = "ALL_BUILD", "ALL_BUILD.vcxproj", "{2130C3A4-73AD-447A-8AB3-651A0D9498D2}"
	ProjectSection(ProjectDependencies) = postProject
		{90FCF5C8-4859-4FCF-B673-6BE86ADE4E56} = {90FCF5C8-4859-4FCF-B673-6BE86ADE4E56}
		{AF75F4AB-1012-4DC4-96B0-B532E20368A8} = {AF75F4AB-1012-4DC4-96B0-B532E20368A8}
	EndProjectSection
EndProject
Project("{8BC9CEB8-8B4A-11D0-8D11-00A0C91BC942}") = "H5detect", "..\..\src\H5detect.vcxproj", "{CC713B69-F727-4C1A-845D-ACE4D5E0D839}"
	ProjectSection(ProjectDependencies) = postProject
		{AD513AB9-C9AA-4A69-AFF0-FCF0673F29AE} = {AD513AB9-C9AA-4A69-AFF0-FCF0673F29AE}
	EndProjectSection
EndProject
Project("{8BC9CEB8-8B4A-11D0-8D11-00A0C91BC942}") = "H5make_libsettings", "..\..\src\H5make_libsettings.vcxproj", "{A5B1F9EA-9D9A-49B9-884F-A682876C769C}"
	ProjectSection(ProjectDependencies) = postProject
		{AD513AB9-C9AA-4A69-AFF0-FCF0673F29AE} = {AD513AB9-C9AA-4A69-AFF0-FCF0673F29AE}
	EndProjectSection
EndProject
Project("{8BC9CEB8-8B4A-11D0-8D11-00A0C91BC942}") = "INSTALL", "INSTALL.vcxproj", "{E11CE814-9069-4E02-81D3-D8FC67553A33}"
	ProjectSection(ProjectDependencies) = postProject
		{2130C3A4-73AD-447A-8AB3-651A0D9498D2} = {2130C3A4-73AD-447A-8AB3-651A0D9498D2}
	EndProjectSection
EndProject
Project("{8BC9CEB8-8B4A-11D0-8D11-00A0C91BC942}") = "PACKAGE", "PACKAGE.vcxproj", "{CC0C7064-2685-4848-80F6-3C41122FD82E}"
	ProjectSection(ProjectDependencies) = postProject
		{2130C3A4-73AD-447A-8AB3-651A0D9498D2} = {2130C3A4-73AD-447A-8AB3-651A0D9498D2}
	EndProjectSection
EndProject
Project("{8BC9CEB8-8B4A-11D0-8D11-00A0C91BC942}") = "ZERO_CHECK", "..\..\ZERO_CHECK.vcxproj", "{AD513AB9-C9AA-4A69-AFF0-FCF0673F29AE}"
	ProjectSection(ProjectDependencies) = postProject
	EndProjectSection
EndProject
Project("{8BC9CEB8-8B4A-11D0-8D11-00A0C91BC942}") = "hdf5", "..\..\src\hdf5.vcxproj", "{274463BB-40FA-4111-A3E3-9175A6F95E14}"
	ProjectSection(ProjectDependencies) = postProject
		{CC713B69-F727-4C1A-845D-ACE4D5E0D839} = {CC713B69-F727-4C1A-845D-ACE4D5E0D839}
		{A5B1F9EA-9D9A-49B9-884F-A682876C769C} = {A5B1F9EA-9D9A-49B9-884F-A682876C769C}
		{AD513AB9-C9AA-4A69-AFF0-FCF0673F29AE} = {AD513AB9-C9AA-4A69-AFF0-FCF0673F29AE}
	EndProjectSection
EndProject
Project("{8BC9CEB8-8B4A-11D0-8D11-00A0C91BC942}") = "hdf5_hl", "..\src\hdf5_hl.vcxproj", "{922F9681-8DD5-4632-BE8A-A5E76B83724B}"
	ProjectSection(ProjectDependencies) = postProject
		{AD513AB9-C9AA-4A69-AFF0-FCF0673F29AE} = {AD513AB9-C9AA-4A69-AFF0-FCF0673F29AE}
		{274463BB-40FA-4111-A3E3-9175A6F95E14} = {274463BB-40FA-4111-A3E3-9175A6F95E14}
	EndProjectSection
EndProject
Project("{8BC9CEB8-8B4A-11D0-8D11-00A0C91BC942}") = "hdf5_hl_cpp", "src\hdf5_hl_cpp.vcxproj", "{90FCF5C8-4859-4FCF-B673-6BE86ADE4E56}"
	ProjectSection(ProjectDependencies) = postProject
		{AD513AB9-C9AA-4A69-AFF0-FCF0673F29AE} = {AD513AB9-C9AA-4A69-AFF0-FCF0673F29AE}
		{274463BB-40FA-4111-A3E3-9175A6F95E14} = {274463BB-40FA-4111-A3E3-9175A6F95E14}
		{922F9681-8DD5-4632-BE8A-A5E76B83724B} = {922F9681-8DD5-4632-BE8A-A5E76B83724B}
	EndProjectSection
EndProject
Project("{8BC9CEB8-8B4A-11D0-8D11-00A0C91BC942}") = "ptExampleFL", "examples\ptExampleFL.vcxproj", "{AF75F4AB-1012-4DC4-96B0-B532E20368A8}"
	ProjectSection(ProjectDependencies) = postProject
		{AD513AB9-C9AA-4A69-AFF0-FCF0673F29AE} = {AD513AB9-C9AA-4A69-AFF0-FCF0673F29AE}
		{274463BB-40FA-4111-A3E3-9175A6F95E14} = {274463BB-40FA-4111-A3E3-9175A6F95E14}
		{922F9681-8DD5-4632-BE8A-A5E76B83724B} = {922F9681-8DD5-4632-BE8A-A5E76B83724B}
		{90FCF5C8-4859-4FCF-B673-6BE86ADE4E56} = {90FCF5C8-4859-4FCF-B673-6BE86ADE4E56}
	EndProjectSection
EndProject
Project("{2150E333-8FDC-42A3-9474-1A3956D46DE8}") = "CMakePredefinedTargets", "CMakePredefinedTargets", "{A12C0EBF-7D79-456C-B640-F0C1E1409E98}"
EndProject
Project("{2150E333-8FDC-42A3-9474-1A3956D46DE8}") = "examples", "examples", "{DCE03CD5-0AC7-4298-965C-7E9D4B70857D}"
EndProject
Project("{2150E333-8FDC-42A3-9474-1A3956D46DE8}") = "hl", "examples\hl", "{300FD989-A35C-4B11-AAF4-FB068E96DA47}"
EndProject
Project("{2150E333-8FDC-42A3-9474-1A3956D46DE8}") = "cpp", "examples\hl\cpp", "{92162AC4-A16A-4688-96E4-B3D72534108F}"
EndProject
Project("{2150E333-8FDC-42A3-9474-1A3956D46DE8}") = "libraries", "libraries", "{7207960D-C0FF-4050-BC52-D120E6F7961D}"
EndProject
Project("{2150E333-8FDC-42A3-9474-1A3956D46DE8}") = "hl", "libraries\hl", "{618C5A6B-FBF3-44F9-AA7F-8D646ACE8216}"
EndProject
Global
	GlobalSection(SolutionConfigurationPlatforms) = preSolution
		Debug|Win32 = Debug|Win32
		Release|Win32 = Release|Win32
		MinSizeRel|Win32 = MinSizeRel|Win32
		RelWithDebInfo|Win32 = RelWithDebInfo|Win32
	EndGlobalSection
	GlobalSection(ProjectConfigurationPlatforms) = postSolution
		{2130C3A4-73AD-447A-8AB3-651A0D9498D2}.Debug|Win32.ActiveCfg = Debug|Win32
		{2130C3A4-73AD-447A-8AB3-651A0D9498D2}.Debug|Win32.Build.0 = Debug|Win32
		{2130C3A4-73AD-447A-8AB3-651A0D9498D2}.Release|Win32.ActiveCfg = Release|Win32
		{2130C3A4-73AD-447A-8AB3-651A0D9498D2}.Release|Win32.Build.0 = Release|Win32
		{2130C3A4-73AD-447A-8AB3-651A0D9498D2}.MinSizeRel|Win32.ActiveCfg = MinSizeRel|Win32
		{2130C3A4-73AD-447A-8AB3-651A0D9498D2}.MinSizeRel|Win32.Build.0 = MinSizeRel|Win32
		{2130C3A4-73AD-447A-8AB3-651A0D9498D2}.RelWithDebInfo|Win32.ActiveCfg = RelWithDebInfo|Win32
		{2130C3A4-73AD-447A-8AB3-651A0D9498D2}.RelWithDebInfo|Win32.Build.0 = RelWithDebInfo|Win32
		{CC713B69-F727-4C1A-845D-ACE4D5E0D839}.Debug|Win32.ActiveCfg = Debug|Win32
		{CC713B69-F727-4C1A-845D-ACE4D5E0D839}.Debug|Win32.Build.0 = Debug|Win32
		{CC713B69-F727-4C1A-845D-ACE4D5E0D839}.Release|Win32.ActiveCfg = Release|Win32
		{CC713B69-F727-4C1A-845D-ACE4D5E0D839}.Release|Win32.Build.0 = Release|Win32
		{CC713B69-F727-4C1A-845D-ACE4D5E0D839}.MinSizeRel|Win32.ActiveCfg = MinSizeRel|Win32
		{CC713B69-F727-4C1A-845D-ACE4D5E0D839}.MinSizeRel|Win32.Build.0 = MinSizeRel|Win32
		{CC713B69-F727-4C1A-845D-ACE4D5E0D839}.RelWithDebInfo|Win32.ActiveCfg = RelWithDebInfo|Win32
		{CC713B69-F727-4C1A-845D-ACE4D5E0D839}.RelWithDebInfo|Win32.Build.0 = RelWithDebInfo|Win32
		{A5B1F9EA-9D9A-49B9-884F-A682876C769C}.Debug|Win32.ActiveCfg = Debug|Win32
		{A5B1F9EA-9D9A-49B9-884F-A682876C769C}.Debug|Win32.Build.0 = Debug|Win32
		{A5B1F9EA-9D9A-49B9-884F-A682876C769C}.Release|Win32.ActiveCfg = Release|Win32
		{A5B1F9EA-9D9A-49B9-884F-A682876C769C}.Release|Win32.Build.0 = Release|Win32
		{A5B1F9EA-9D9A-49B9-884F-A682876C769C}.MinSizeRel|Win32.ActiveCfg = MinSizeRel|Win32
		{A5B1F9EA-9D9A-49B9-884F-A682876C769C}.MinSizeRel|Win32.Build.0 = MinSizeRel|Win32
		{A5B1F9EA-9D9A-49B9-884F-A682876C769C}.RelWithDebInfo|Win32.ActiveCfg = RelWithDebInfo|Win32
		{A5B1F9EA-9D9A-49B9-884F-A682876C769C}.RelWithDebInfo|Win32.Build.0 = RelWithDebInfo|Win32
		{E11CE814-9069-4E02-81D3-D8FC67553A33}.Debug|Win32.ActiveCfg = Debug|Win32
		{E11CE814-9069-4E02-81D3-D8FC67553A33}.Release|Win32.ActiveCfg = Release|Win32
		{E11CE814-9069-4E02-81D3-D8FC67553A33}.MinSizeRel|Win32.ActiveCfg = MinSizeRel|Win32
		{E11CE814-9069-4E02-81D3-D8FC67553A33}.RelWithDebInfo|Win32.ActiveCfg = RelWithDebInfo|Win32
		{CC0C7064-2685-4848-80F6-3C41122FD82E}.Debug|Win32.ActiveCfg = Debug|Win32
		{CC0C7064-2685-4848-80F6-3C41122FD82E}.Release|Win32.ActiveCfg = Release|Win32
		{CC0C7064-2685-4848-80F6-3C41122FD82E}.MinSizeRel|Win32.ActiveCfg = MinSizeRel|Win32
		{CC0C7064-2685-4848-80F6-3C41122FD82E}.RelWithDebInfo|Win32.ActiveCfg = RelWithDebInfo|Win32
		{AD513AB9-C9AA-4A69-AFF0-FCF0673F29AE}.Debug|Win32.ActiveCfg = Debug|Win32
		{AD513AB9-C9AA-4A69-AFF0-FCF0673F29AE}.Debug|Win32.Build.0 = Debug|Win32
		{AD513AB9-C9AA-4A69-AFF0-FCF0673F29AE}.Release|Win32.ActiveCfg = Release|Win32
		{AD513AB9-C9AA-4A69-AFF0-FCF0673F29AE}.Release|Win32.Build.0 = Release|Win32
		{AD513AB9-C9AA-4A69-AFF0-FCF0673F29AE}.MinSizeRel|Win32.ActiveCfg = MinSizeRel|Win32
		{AD513AB9-C9AA-4A69-AFF0-FCF0673F29AE}.MinSizeRel|Win32.Build.0 = MinSizeRel|Win32
		{AD513AB9-C9AA-4A69-AFF0-FCF0673F29AE}.RelWithDebInfo|Win32.ActiveCfg = RelWithDebInfo|Win32
		{AD513AB9-C9AA-4A69-AFF0-FCF0673F29AE}.RelWithDebInfo|Win32.Build.0 = RelWithDebInfo|Win32
		{274463BB-40FA-4111-A3E3-9175A6F95E14}.Debug|Win32.ActiveCfg = Debug|Win32
		{274463BB-40FA-4111-A3E3-9175A6F95E14}.Debug|Win32.Build.0 = Debug|Win32
		{274463BB-40FA-4111-A3E3-9175A6F95E14}.Release|Win32.ActiveCfg = Release|Win32
		{274463BB-40FA-4111-A3E3-9175A6F95E14}.Release|Win32.Build.0 = Release|Win32
		{274463BB-40FA-4111-A3E3-9175A6F95E14}.MinSizeRel|Win32.ActiveCfg = MinSizeRel|Win32
		{274463BB-40FA-4111-A3E3-9175A6F95E14}.MinSizeRel|Win32.Build.0 = MinSizeRel|Win32
		{274463BB-40FA-4111-A3E3-9175A6F95E14}.RelWithDebInfo|Win32.ActiveCfg = RelWithDebInfo|Win32
		{274463BB-40FA-4111-A3E3-9175A6F95E14}.RelWithDebInfo|Win32.Build.0 = RelWithDebInfo|Win32
		{922F9681-8DD5-4632-BE8A-A5E76B83724B}.Debug|Win32.ActiveCfg = Debug|Win32
		{922F9681-8DD5-4632-BE8A-A5E76B83724B}.Debug|Win32.Build.0 = Debug|Win32
		{922F9681-8DD5-4632-BE8A-A5E76B83724B}.Release|Win32.ActiveCfg = Release|Win32
		{922F9681-8DD5-4632-BE8A-A5E76B83724B}.Release|Win32.Build.0 = Release|Win32
		{922F9681-8DD5-4632-BE8A-A5E76B83724B}.MinSizeRel|Win32.ActiveCfg = MinSizeRel|Win32
		{922F9681-8DD5-4632-BE8A-A5E76B83724B}.MinSizeRel|Win32.Build.0 = MinSizeRel|Win32
		{922F9681-8DD5-4632-BE8A-A5E76B83724B}.RelWithDebInfo|Win32.ActiveCfg = RelWithDebInfo|Win32
		{922F9681-8DD5-4632-BE8A-A5E76B83724B}.RelWithDebInfo|Win32.Build.0 = RelWithDebInfo|Win32
		{90FCF5C8-4859-4FCF-B673-6BE86ADE4E56}.Debug|Win32.ActiveCfg = Debug|Win32
		{90FCF5C8-4859-4FCF-B673-6BE86ADE4E56}.Debug|Win32.Build.0 = Debug|Win32
		{90FCF5C8-4859-4FCF-B673-6BE86ADE4E56}.Release|Win32.ActiveCfg = Release|Win32
		{90FCF5C8-4859-4FCF-B673-6BE86ADE4E56}.Release|Win32.Build.0 = Release|Win32
		{90FCF5C8-4859-4FCF-B673-6BE86ADE4E56}.MinSizeRel|Win32.ActiveCfg = MinSizeRel|Win32
		{90FCF5C8-4859-4FCF-B673-6BE86ADE4E56}.MinSizeRel|Win32.Build.0 = MinSizeRel|Win32
		{90FCF5C8-4859-4FCF-B673-6BE86ADE4E56}.RelWithDebInfo|Win32.ActiveCfg = RelWithDebInfo|Win32
		{90FCF5C8-4859-4FCF-B673-6BE86ADE4E56}.RelWithDebInfo|Win32.Build.0 = RelWithDebInfo|Win32
		{AF75F4AB-1012-4DC4-96B0-B532E20368A8}.Debug|Win32.ActiveCfg = Debug|Win32
		{AF75F4AB-1012-4DC4-96B0-B532E20368A8}.Debug|Win32.Build.0 = Debug|Win32
		{AF75F4AB-1012-4DC4-96B0-B532E20368A8}.Release|Win32.ActiveCfg = Release|Win32
		{AF75F4AB-1012-4DC4-96B0-B532E20368A8}.Release|Win32.Build.0 = Release|Win32
		{AF75F4AB-1012-4DC4-96B0-B532E20368A8}.MinSizeRel|Win32.ActiveCfg = MinSizeRel|Win32
		{AF75F4AB-1012-4DC4-96B0-B532E20368A8}.MinSizeRel|Win32.Build.0 = MinSizeRel|Win32
		{AF75F4AB-1012-4DC4-96B0-B532E20368A8}.RelWithDebInfo|Win32.ActiveCfg = RelWithDebInfo|Win32
		{AF75F4AB-1012-4DC4-96B0-B532E20368A8}.RelWithDebInfo|Win32.Build.0 = RelWithDebInfo|Win32
	EndGlobalSection
	GlobalSection(NestedProjects) = preSolution
		{E11CE814-9069-4E02-81D3-D8FC67553A33} = {A12C0EBF-7D79-456C-B640-F0C1E1409E98}
		{CC0C7064-2685-4848-80F6-3C41122FD82E} = {A12C0EBF-7D79-456C-B640-F0C1E1409E98}
		{AD513AB9-C9AA-4A69-AFF0-FCF0673F29AE} = {A12C0EBF-7D79-456C-B640-F0C1E1409E98}
		{300FD989-A35C-4B11-AAF4-FB068E96DA47} = {DCE03CD5-0AC7-4298-965C-7E9D4B70857D}
		{92162AC4-A16A-4688-96E4-B3D72534108F} = {300FD989-A35C-4B11-AAF4-FB068E96DA47}
		{AF75F4AB-1012-4DC4-96B0-B532E20368A8} = {92162AC4-A16A-4688-96E4-B3D72534108F}
		{618C5A6B-FBF3-44F9-AA7F-8D646ACE8216} = {7207960D-C0FF-4050-BC52-D120E6F7961D}
		{274463BB-40FA-4111-A3E3-9175A6F95E14} = {7207960D-C0FF-4050-BC52-D120E6F7961D}
		{922F9681-8DD5-4632-BE8A-A5E76B83724B} = {618C5A6B-FBF3-44F9-AA7F-8D646ACE8216}
		{90FCF5C8-4859-4FCF-B673-6BE86ADE4E56} = {618C5A6B-FBF3-44F9-AA7F-8D646ACE8216}
	EndGlobalSection
	GlobalSection(ExtensibilityGlobals) = postSolution
	EndGlobalSection
	GlobalSection(ExtensibilityAddIns) = postSolution
	EndGlobalSection
EndGlobal
