Microsoft Visual Studio Solution File, Format Version 12.00
# Visual Studio 2013
Project("{8BC9CEB8-8B4A-11D0-8D11-00A0C91BC942}") = "ALL_BUILD", "ALL_BUILD.vcxproj", "{2130C3A4-73AD-447A-8AB3-651A0D9498D2}"
	ProjectSection(ProjectDependencies) = postProject
		{EF64C5F3-FA5F-456A-8E79-8EDDE9D0FED6} = {EF64C5F3-FA5F-456A-8E79-8EDDE9D0FED6}
		{3A5EFFF3-EF63-4EDC-90AD-14C84140ADA3} = {3A5EFFF3-EF63-4EDC-90AD-14C84140ADA3}
		{575EDC7D-08B7-496B-8100-0305205B6866} = {575EDC7D-08B7-496B-8100-0305205B6866}
		{9075894F-70F6-4A02-BC79-26E8300D6F1F} = {9075894F-70F6-4A02-BC79-26E8300D6F1F}
		{23D41143-3A5D-4D69-93AC-69C2DEB47AF0} = {23D41143-3A5D-4D69-93AC-69C2DEB47AF0}
		{176781FF-73A8-47C3-9BBC-E27114801E99} = {176781FF-73A8-47C3-9BBC-E27114801E99}
		{9C0D9551-C82F-418E-A3C4-C88EF15C1DF0} = {9C0D9551-C82F-418E-A3C4-C88EF15C1DF0}
		{8CFC8D03-FDBA-4431-BA04-6CC2DFE03452} = {8CFC8D03-FDBA-4431-BA04-6CC2DFE03452}
		{94B0B0CA-AB27-4372-82A9-6063B050D26D} = {94B0B0CA-AB27-4372-82A9-6063B050D26D}
		{7A869BD7-B8AE-4D79-9CB4-E478436BE30C} = {7A869BD7-B8AE-4D79-9CB4-E478436BE30C}
		{72D83C20-17F7-4BCE-8785-B681FB07E132} = {72D83C20-17F7-4BCE-8785-B681FB07E132}
		{ADBB1585-4F11-42AB-B6C5-E14390FF5B8A} = {ADBB1585-4F11-42AB-B6C5-E14390FF5B8A}
		{075B38C9-5EBE-44CC-AC50-CAF637EE211C} = {075B38C9-5EBE-44CC-AC50-CAF637EE211C}
		{9B85BAEE-429B-421B-94D9-45B0FE0C7F8A} = {9B85BAEE-429B-421B-94D9-45B0FE0C7F8A}
		{4067FA3F-3D5F-476A-B594-3C871108CC19} = {4067FA3F-3D5F-476A-B594-3C871108CC19}
		{76D1D3D2-B32C-4357-8F6A-6CA2C4F8ED62} = {76D1D3D2-B32C-4357-8F6A-6CA2C4F8ED62}
		{656C7184-12C6-4C65-8CC4-B05B6F9E7485} = {656C7184-12C6-4C65-8CC4-B05B6F9E7485}
		{5C04D45E-CA2C-4449-B28C-D73A6D03EA44} = {5C04D45E-CA2C-4449-B28C-D73A6D03EA44}
		{087A1407-2153-4DA4-B258-A1BAB06E22A0} = {087A1407-2153-4DA4-B258-A1BAB06E22A0}
	EndProjectSection
EndProject
Project("{8BC9CEB8-8B4A-11D0-8D11-00A0C91BC942}") = "H5detect", "..\..\src\H5detect.vcxproj", "{CC713B69-F727-4C1A-845D-ACE4D5E0D839}"
	ProjectSection(ProjectDependencies) = postProject
		{AD513AB9-C9AA-4A69-AFF0-FCF0673F29AE} = {AD513AB9-C9AA-4A69-AFF0-FCF0673F29AE}
	EndProjectSection
EndProject
Project("{8BC9CEB8-8B4A-11D0-8D11-00A0C91BC942}") = "H5make_libsettings", "..\..\src\H5make_libsettings.vcxproj", "{A5B1F9EA-9D9A-49B9-884F-A682876C769C}"
	ProjectSection(ProjectDependencies) = postProject
		{AD513AB9-C9AA-4A69-AFF0-FCF0673F29AE} = {AD513AB9-C9AA-4A69-AFF0-FCF0673F29AE}
	EndProjectSection
EndProject
Project("{8BC9CEB8-8B4A-11D0-8D11-00A0C91BC942}") = "INSTALL", "INSTALL.vcxproj", "{E11CE814-9069-4E02-81D3-D8FC67553A33}"
	ProjectSection(ProjectDependencies) = postProject
		{2130C3A4-73AD-447A-8AB3-651A0D9498D2} = {2130C3A4-73AD-447A-8AB3-651A0D9498D2}
	EndProjectSection
EndProject
Project("{8BC9CEB8-8B4A-11D0-8D11-00A0C91BC942}") = "PACKAGE", "PACKAGE.vcxproj", "{CC0C7064-2685-4848-80F6-3C41122FD82E}"
	ProjectSection(ProjectDependencies) = postProject
		{2130C3A4-73AD-447A-8AB3-651A0D9498D2} = {2130C3A4-73AD-447A-8AB3-651A0D9498D2}
	EndProjectSection
EndProject
Project("{8BC9CEB8-8B4A-11D0-8D11-00A0C91BC942}") = "ZERO_CHECK", "..\..\ZERO_CHECK.vcxproj", "{AD513AB9-C9AA-4A69-AFF0-FCF0673F29AE}"
	ProjectSection(ProjectDependencies) = postProject
	EndProjectSection
EndProject
Project("{8BC9CEB8-8B4A-11D0-8D11-00A0C91BC942}") = "hdf5", "..\..\src\hdf5.vcxproj", "{274463BB-40FA-4111-A3E3-9175A6F95E14}"
	ProjectSection(ProjectDependencies) = postProject
		{CC713B69-F727-4C1A-845D-ACE4D5E0D839} = {CC713B69-F727-4C1A-845D-ACE4D5E0D839}
		{A5B1F9EA-9D9A-49B9-884F-A682876C769C} = {A5B1F9EA-9D9A-49B9-884F-A682876C769C}
		{AD513AB9-C9AA-4A69-AFF0-FCF0673F29AE} = {AD513AB9-C9AA-4A69-AFF0-FCF0673F29AE}
	EndProjectSection
EndProject
Project("{8BC9CEB8-8B4A-11D0-8D11-00A0C91BC942}") = "hdf5_hl", "..\src\hdf5_hl.vcxproj", "{922F9681-8DD5-4632-BE8A-A5E76B83724B}"
	ProjectSection(ProjectDependencies) = postProject
		{AD513AB9-C9AA-4A69-AFF0-FCF0673F29AE} = {AD513AB9-C9AA-4A69-AFF0-FCF0673F29AE}
		{274463BB-40FA-4111-A3E3-9175A6F95E14} = {274463BB-40FA-4111-A3E3-9175A6F95E14}
	EndProjectSection
EndProject
Project("{8BC9CEB8-8B4A-11D0-8D11-00A0C91BC942}") = "hl_ex_ex_ds1", "hl_ex_ex_ds1.vcxproj", "{EF64C5F3-FA5F-456A-8E79-8EDDE9D0FED6}"
	ProjectSection(ProjectDependencies) = postProject
		{AD513AB9-C9AA-4A69-AFF0-FCF0673F29AE} = {AD513AB9-C9AA-4A69-AFF0-FCF0673F29AE}
		{274463BB-40FA-4111-A3E3-9175A6F95E14} = {274463BB-40FA-4111-A3E3-9175A6F95E14}
		{922F9681-8DD5-4632-BE8A-A5E76B83724B} = {922F9681-8DD5-4632-BE8A-A5E76B83724B}
	EndProjectSection
EndProject
Project("{8BC9CEB8-8B4A-11D0-8D11-00A0C91BC942}") = "hl_ex_ex_image1", "hl_ex_ex_image1.vcxproj", "{3A5EFFF3-EF63-4EDC-90AD-14C84140ADA3}"
	ProjectSection(ProjectDependencies) = postProject
		{AD513AB9-C9AA-4A69-AFF0-FCF0673F29AE} = {AD513AB9-C9AA-4A69-AFF0-FCF0673F29AE}
		{274463BB-40FA-4111-A3E3-9175A6F95E14} = {274463BB-40FA-4111-A3E3-9175A6F95E14}
		{922F9681-8DD5-4632-BE8A-A5E76B83724B} = {922F9681-8DD5-4632-BE8A-A5E76B83724B}
	EndProjectSection
EndProject
Project("{8BC9CEB8-8B4A-11D0-8D11-00A0C91BC942}") = "hl_ex_ex_image2", "hl_ex_ex_image2.vcxproj", "{575EDC7D-08B7-496B-8100-0305205B6866}"
	ProjectSection(ProjectDependencies) = postProject
		{AD513AB9-C9AA-4A69-AFF0-FCF0673F29AE} = {AD513AB9-C9AA-4A69-AFF0-FCF0673F29AE}
		{274463BB-40FA-4111-A3E3-9175A6F95E14} = {274463BB-40FA-4111-A3E3-9175A6F95E14}
		{922F9681-8DD5-4632-BE8A-A5E76B83724B} = {922F9681-8DD5-4632-BE8A-A5E76B83724B}
	EndProjectSection
EndProject
Project("{8BC9CEB8-8B4A-11D0-8D11-00A0C91BC942}") = "hl_ex_ex_lite1", "hl_ex_ex_lite1.vcxproj", "{9075894F-70F6-4A02-BC79-26E8300D6F1F}"
	ProjectSection(ProjectDependencies) = postProject
		{AD513AB9-C9AA-4A69-AFF0-FCF0673F29AE} = {AD513AB9-C9AA-4A69-AFF0-FCF0673F29AE}
		{274463BB-40FA-4111-A3E3-9175A6F95E14} = {274463BB-40FA-4111-A3E3-9175A6F95E14}
		{922F9681-8DD5-4632-BE8A-A5E76B83724B} = {922F9681-8DD5-4632-BE8A-A5E76B83724B}
	EndProjectSection
EndProject
Project("{8BC9CEB8-8B4A-11D0-8D11-00A0C91BC942}") = "hl_ex_ex_lite2", "hl_ex_ex_lite2.vcxproj", "{23D41143-3A5D-4D69-93AC-69C2DEB47AF0}"
	ProjectSection(ProjectDependencies) = postProject
		{AD513AB9-C9AA-4A69-AFF0-FCF0673F29AE} = {AD513AB9-C9AA-4A69-AFF0-FCF0673F29AE}
		{274463BB-40FA-4111-A3E3-9175A6F95E14} = {274463BB-40FA-4111-A3E3-9175A6F95E14}
		{922F9681-8DD5-4632-BE8A-A5E76B83724B} = {922F9681-8DD5-4632-BE8A-A5E76B83724B}
	EndProjectSection
EndProject
Project("{8BC9CEB8-8B4A-11D0-8D11-00A0C91BC942}") = "hl_ex_ex_lite3", "hl_ex_ex_lite3.vcxproj", "{176781FF-73A8-47C3-9BBC-E27114801E99}"
	ProjectSection(ProjectDependencies) = postProject
		{AD513AB9-C9AA-4A69-AFF0-FCF0673F29AE} = {AD513AB9-C9AA-4A69-AFF0-FCF0673F29AE}
		{274463BB-40FA-4111-A3E3-9175A6F95E14} = {274463BB-40FA-4111-A3E3-9175A6F95E14}
		{922F9681-8DD5-4632-BE8A-A5E76B83724B} = {922F9681-8DD5-4632-BE8A-A5E76B83724B}
	EndProjectSection
EndProject
Project("{8BC9CEB8-8B4A-11D0-8D11-00A0C91BC942}") = "hl_ex_ex_table_01", "hl_ex_ex_table_01.vcxproj", "{9C0D9551-C82F-418E-A3C4-C88EF15C1DF0}"
	ProjectSection(ProjectDependencies) = postProject
		{AD513AB9-C9AA-4A69-AFF0-FCF0673F29AE} = {AD513AB9-C9AA-4A69-AFF0-FCF0673F29AE}
		{274463BB-40FA-4111-A3E3-9175A6F95E14} = {274463BB-40FA-4111-A3E3-9175A6F95E14}
		{922F9681-8DD5-4632-BE8A-A5E76B83724B} = {922F9681-8DD5-4632-BE8A-A5E76B83724B}
	EndProjectSection
EndProject
Project("{8BC9CEB8-8B4A-11D0-8D11-00A0C91BC942}") = "hl_ex_ex_table_02", "hl_ex_ex_table_02.vcxproj", "{8CFC8D03-FDBA-4431-BA04-6CC2DFE03452}"
	ProjectSection(ProjectDependencies) = postProject
		{AD513AB9-C9AA-4A69-AFF0-FCF0673F29AE} = {AD513AB9-C9AA-4A69-AFF0-FCF0673F29AE}
		{274463BB-40FA-4111-A3E3-9175A6F95E14} = {274463BB-40FA-4111-A3E3-9175A6F95E14}
		{922F9681-8DD5-4632-BE8A-A5E76B83724B} = {922F9681-8DD5-4632-BE8A-A5E76B83724B}
	EndProjectSection
EndProject
Project("{8BC9CEB8-8B4A-11D0-8D11-00A0C91BC942}") = "hl_ex_ex_table_03", "hl_ex_ex_table_03.vcxproj", "{94B0B0CA-AB27-4372-82A9-6063B050D26D}"
	ProjectSection(ProjectDependencies) = postProject
		{AD513AB9-C9AA-4A69-AFF0-FCF0673F29AE} = {AD513AB9-C9AA-4A69-AFF0-FCF0673F29AE}
		{274463BB-40FA-4111-A3E3-9175A6F95E14} = {274463BB-40FA-4111-A3E3-9175A6F95E14}
		{922F9681-8DD5-4632-BE8A-A5E76B83724B} = {922F9681-8DD5-4632-BE8A-A5E76B83724B}
	EndProjectSection
EndProject
Project("{8BC9CEB8-8B4A-11D0-8D11-00A0C91BC942}") = "hl_ex_ex_table_04", "hl_ex_ex_table_04.vcxproj", "{7A869BD7-B8AE-4D79-9CB4-E478436BE30C}"
	ProjectSection(ProjectDependencies) = postProject
		{AD513AB9-C9AA-4A69-AFF0-FCF0673F29AE} = {AD513AB9-C9AA-4A69-AFF0-FCF0673F29AE}
		{274463BB-40FA-4111-A3E3-9175A6F95E14} = {274463BB-40FA-4111-A3E3-9175A6F95E14}
		{922F9681-8DD5-4632-BE8A-A5E76B83724B} = {922F9681-8DD5-4632-BE8A-A5E76B83724B}
	EndProjectSection
EndProject
Project("{8BC9CEB8-8B4A-11D0-8D11-00A0C91BC942}") = "hl_ex_ex_table_05", "hl_ex_ex_table_05.vcxproj", "{72D83C20-17F7-4BCE-8785-B681FB07E132}"
	ProjectSection(ProjectDependencies) = postProject
		{AD513AB9-C9AA-4A69-AFF0-FCF0673F29AE} = {AD513AB9-C9AA-4A69-AFF0-FCF0673F29AE}
		{274463BB-40FA-4111-A3E3-9175A6F95E14} = {274463BB-40FA-4111-A3E3-9175A6F95E14}
		{922F9681-8DD5-4632-BE8A-A5E76B83724B} = {922F9681-8DD5-4632-BE8A-A5E76B83724B}
	EndProjectSection
EndProject
Project("{8BC9CEB8-8B4A-11D0-8D11-00A0C91BC942}") = "hl_ex_ex_table_06", "hl_ex_ex_table_06.vcxproj", "{ADBB1585-4F11-42AB-B6C5-E14390FF5B8A}"
	ProjectSection(ProjectDependencies) = postProject
		{AD513AB9-C9AA-4A69-AFF0-FCF0673F29AE} = {AD513AB9-C9AA-4A69-AFF0-FCF0673F29AE}
		{274463BB-40FA-4111-A3E3-9175A6F95E14} = {274463BB-40FA-4111-A3E3-9175A6F95E14}
		{922F9681-8DD5-4632-BE8A-A5E76B83724B} = {922F9681-8DD5-4632-BE8A-A5E76B83724B}
	EndProjectSection
EndProject
Project("{8BC9CEB8-8B4A-11D0-8D11-00A0C91BC942}") = "hl_ex_ex_table_07", "hl_ex_ex_table_07.vcxproj", "{075B38C9-5EBE-44CC-AC50-CAF637EE211C}"
	ProjectSection(ProjectDependencies) = postProject
		{AD513AB9-C9AA-4A69-AFF0-FCF0673F29AE} = {AD513AB9-C9AA-4A69-AFF0-FCF0673F29AE}
		{274463BB-40FA-4111-A3E3-9175A6F95E14} = {274463BB-40FA-4111-A3E3-9175A6F95E14}
		{922F9681-8DD5-4632-BE8A-A5E76B83724B} = {922F9681-8DD5-4632-BE8A-A5E76B83724B}
	EndProjectSection
EndProject
Project("{8BC9CEB8-8B4A-11D0-8D11-00A0C91BC942}") = "hl_ex_ex_table_08", "hl_ex_ex_table_08.vcxproj", "{9B85BAEE-429B-421B-94D9-45B0FE0C7F8A}"
	ProjectSection(ProjectDependencies) = postProject
		{AD513AB9-C9AA-4A69-AFF0-FCF0673F29AE} = {AD513AB9-C9AA-4A69-AFF0-FCF0673F29AE}
		{274463BB-40FA-4111-A3E3-9175A6F95E14} = {274463BB-40FA-4111-A3E3-9175A6F95E14}
		{922F9681-8DD5-4632-BE8A-A5E76B83724B} = {922F9681-8DD5-4632-BE8A-A5E76B83724B}
	EndProjectSection
EndProject
Project("{8BC9CEB8-8B4A-11D0-8D11-00A0C91BC942}") = "hl_ex_ex_table_09", "hl_ex_ex_table_09.vcxproj", "{4067FA3F-3D5F-476A-B594-3C871108CC19}"
	ProjectSection(ProjectDependencies) = postProject
		{AD513AB9-C9AA-4A69-AFF0-FCF0673F29AE} = {AD513AB9-C9AA-4A69-AFF0-FCF0673F29AE}
		{274463BB-40FA-4111-A3E3-9175A6F95E14} = {274463BB-40FA-4111-A3E3-9175A6F95E14}
		{922F9681-8DD5-4632-BE8A-A5E76B83724B} = {922F9681-8DD5-4632-BE8A-A5E76B83724B}
	EndProjectSection
EndProject
Project("{8BC9CEB8-8B4A-11D0-8D11-00A0C91BC942}") = "hl_ex_ex_table_10", "hl_ex_ex_table_10.vcxproj", "{76D1D3D2-B32C-4357-8F6A-6CA2C4F8ED62}"
	ProjectSection(ProjectDependencies) = postProject
		{AD513AB9-C9AA-4A69-AFF0-FCF0673F29AE} = {AD513AB9-C9AA-4A69-AFF0-FCF0673F29AE}
		{274463BB-40FA-4111-A3E3-9175A6F95E14} = {274463BB-40FA-4111-A3E3-9175A6F95E14}
		{922F9681-8DD5-4632-BE8A-A5E76B83724B} = {922F9681-8DD5-4632-BE8A-A5E76B83724B}
	EndProjectSection
EndProject
Project("{8BC9CEB8-8B4A-11D0-8D11-00A0C91BC942}") = "hl_ex_ex_table_11", "hl_ex_ex_table_11.vcxproj", "{656C7184-12C6-4C65-8CC4-B05B6F9E7485}"
	ProjectSection(ProjectDependencies) = postProject
		{AD513AB9-C9AA-4A69-AFF0-FCF0673F29AE} = {AD513AB9-C9AA-4A69-AFF0-FCF0673F29AE}
		{274463BB-40FA-4111-A3E3-9175A6F95E14} = {274463BB-40FA-4111-A3E3-9175A6F95E14}
		{922F9681-8DD5-4632-BE8A-A5E76B83724B} = {922F9681-8DD5-4632-BE8A-A5E76B83724B}
	EndProjectSection
EndProject
Project("{8BC9CEB8-8B4A-11D0-8D11-00A0C91BC942}") = "hl_ex_ex_table_12", "hl_ex_ex_table_12.vcxproj", "{5C04D45E-CA2C-4449-B28C-D73A6D03EA44}"
	ProjectSection(ProjectDependencies) = postProject
		{AD513AB9-C9AA-4A69-AFF0-FCF0673F29AE} = {AD513AB9-C9AA-4A69-AFF0-FCF0673F29AE}
		{274463BB-40FA-4111-A3E3-9175A6F95E14} = {274463BB-40FA-4111-A3E3-9175A6F95E14}
		{922F9681-8DD5-4632-BE8A-A5E76B83724B} = {922F9681-8DD5-4632-BE8A-A5E76B83724B}
	EndProjectSection
EndProject
Project("{8BC9CEB8-8B4A-11D0-8D11-00A0C91BC942}") = "hl_ex_ptExampleFL", "hl_ex_ptExampleFL.vcxproj", "{087A1407-2153-4DA4-B258-A1BAB06E22A0}"
	ProjectSection(ProjectDependencies) = postProject
		{AD513AB9-C9AA-4A69-AFF0-FCF0673F29AE} = {AD513AB9-C9AA-4A69-AFF0-FCF0673F29AE}
		{274463BB-40FA-4111-A3E3-9175A6F95E14} = {274463BB-40FA-4111-A3E3-9175A6F95E14}
		{922F9681-8DD5-4632-BE8A-A5E76B83724B} = {922F9681-8DD5-4632-BE8A-A5E76B83724B}
	EndProjectSection
EndProject
Project("{2150E333-8FDC-42A3-9474-1A3956D46DE8}") = "CMakePredefinedTargets", "CMakePredefinedTargets", "{A12C0EBF-7D79-456C-B640-F0C1E1409E98}"
EndProject
Project("{2150E333-8FDC-42A3-9474-1A3956D46DE8}") = "examples", "examples", "{DCE03CD5-0AC7-4298-965C-7E9D4B70857D}"
EndProject
Project("{2150E333-8FDC-42A3-9474-1A3956D46DE8}") = "hl", "examples\hl", "{300FD989-A35C-4B11-AAF4-FB068E96DA47}"
EndProject
Project("{2150E333-8FDC-42A3-9474-1A3956D46DE8}") = "libraries", "libraries", "{7207960D-C0FF-4050-BC52-D120E6F7961D}"
EndProject
Project("{2150E333-8FDC-42A3-9474-1A3956D46DE8}") = "hl", "libraries\hl", "{618C5A6B-FBF3-44F9-AA7F-8D646ACE8216}"
EndProject
Global
	GlobalSection(SolutionConfigurationPlatforms) = preSolution
		Debug|Win32 = Debug|Win32
		Release|Win32 = Release|Win32
		MinSizeRel|Win32 = MinSizeRel|Win32
		RelWithDebInfo|Win32 = RelWithDebInfo|Win32
	EndGlobalSection
	GlobalSection(ProjectConfigurationPlatforms) = postSolution
		{2130C3A4-73AD-447A-8AB3-651A0D9498D2}.Debug|Win32.ActiveCfg = Debug|Win32
		{2130C3A4-73AD-447A-8AB3-651A0D9498D2}.Debug|Win32.Build.0 = Debug|Win32
		{2130C3A4-73AD-447A-8AB3-651A0D9498D2}.Release|Win32.ActiveCfg = Release|Win32
		{2130C3A4-73AD-447A-8AB3-651A0D9498D2}.Release|Win32.Build.0 = Release|Win32
		{2130C3A4-73AD-447A-8AB3-651A0D9498D2}.MinSizeRel|Win32.ActiveCfg = MinSizeRel|Win32
		{2130C3A4-73AD-447A-8AB3-651A0D9498D2}.MinSizeRel|Win32.Build.0 = MinSizeRel|Win32
		{2130C3A4-73AD-447A-8AB3-651A0D9498D2}.RelWithDebInfo|Win32.ActiveCfg = RelWithDebInfo|Win32
		{2130C3A4-73AD-447A-8AB3-651A0D9498D2}.RelWithDebInfo|Win32.Build.0 = RelWithDebInfo|Win32
		{CC713B69-F727-4C1A-845D-ACE4D5E0D839}.Debug|Win32.ActiveCfg = Debug|Win32
		{CC713B69-F727-4C1A-845D-ACE4D5E0D839}.Debug|Win32.Build.0 = Debug|Win32
		{CC713B69-F727-4C1A-845D-ACE4D5E0D839}.Release|Win32.ActiveCfg = Release|Win32
		{CC713B69-F727-4C1A-845D-ACE4D5E0D839}.Release|Win32.Build.0 = Release|Win32
		{CC713B69-F727-4C1A-845D-ACE4D5E0D839}.MinSizeRel|Win32.ActiveCfg = MinSizeRel|Win32
		{CC713B69-F727-4C1A-845D-ACE4D5E0D839}.MinSizeRel|Win32.Build.0 = MinSizeRel|Win32
		{CC713B69-F727-4C1A-845D-ACE4D5E0D839}.RelWithDebInfo|Win32.ActiveCfg = RelWithDebInfo|Win32
		{CC713B69-F727-4C1A-845D-ACE4D5E0D839}.RelWithDebInfo|Win32.Build.0 = RelWithDebInfo|Win32
		{A5B1F9EA-9D9A-49B9-884F-A682876C769C}.Debug|Win32.ActiveCfg = Debug|Win32
		{A5B1F9EA-9D9A-49B9-884F-A682876C769C}.Debug|Win32.Build.0 = Debug|Win32
		{A5B1F9EA-9D9A-49B9-884F-A682876C769C}.Release|Win32.ActiveCfg = Release|Win32
		{A5B1F9EA-9D9A-49B9-884F-A682876C769C}.Release|Win32.Build.0 = Release|Win32
		{A5B1F9EA-9D9A-49B9-884F-A682876C769C}.MinSizeRel|Win32.ActiveCfg = MinSizeRel|Win32
		{A5B1F9EA-9D9A-49B9-884F-A682876C769C}.MinSizeRel|Win32.Build.0 = MinSizeRel|Win32
		{A5B1F9EA-9D9A-49B9-884F-A682876C769C}.RelWithDebInfo|Win32.ActiveCfg = RelWithDebInfo|Win32
		{A5B1F9EA-9D9A-49B9-884F-A682876C769C}.RelWithDebInfo|Win32.Build.0 = RelWithDebInfo|Win32
		{E11CE814-9069-4E02-81D3-D8FC67553A33}.Debug|Win32.ActiveCfg = Debug|Win32
		{E11CE814-9069-4E02-81D3-D8FC67553A33}.Release|Win32.ActiveCfg = Release|Win32
		{E11CE814-9069-4E02-81D3-D8FC67553A33}.MinSizeRel|Win32.ActiveCfg = MinSizeRel|Win32
		{E11CE814-9069-4E02-81D3-D8FC67553A33}.RelWithDebInfo|Win32.ActiveCfg = RelWithDebInfo|Win32
		{CC0C7064-2685-4848-80F6-3C41122FD82E}.Debug|Win32.ActiveCfg = Debug|Win32
		{CC0C7064-2685-4848-80F6-3C41122FD82E}.Release|Win32.ActiveCfg = Release|Win32
		{CC0C7064-2685-4848-80F6-3C41122FD82E}.MinSizeRel|Win32.ActiveCfg = MinSizeRel|Win32
		{CC0C7064-2685-4848-80F6-3C41122FD82E}.RelWithDebInfo|Win32.ActiveCfg = RelWithDebInfo|Win32
		{AD513AB9-C9AA-4A69-AFF0-FCF0673F29AE}.Debug|Win32.ActiveCfg = Debug|Win32
		{AD513AB9-C9AA-4A69-AFF0-FCF0673F29AE}.Debug|Win32.Build.0 = Debug|Win32
		{AD513AB9-C9AA-4A69-AFF0-FCF0673F29AE}.Release|Win32.ActiveCfg = Release|Win32
		{AD513AB9-C9AA-4A69-AFF0-FCF0673F29AE}.Release|Win32.Build.0 = Release|Win32
		{AD513AB9-C9AA-4A69-AFF0-FCF0673F29AE}.MinSizeRel|Win32.ActiveCfg = MinSizeRel|Win32
		{AD513AB9-C9AA-4A69-AFF0-FCF0673F29AE}.MinSizeRel|Win32.Build.0 = MinSizeRel|Win32
		{AD513AB9-C9AA-4A69-AFF0-FCF0673F29AE}.RelWithDebInfo|Win32.ActiveCfg = RelWithDebInfo|Win32
		{AD513AB9-C9AA-4A69-AFF0-FCF0673F29AE}.RelWithDebInfo|Win32.Build.0 = RelWithDebInfo|Win32
		{274463BB-40FA-4111-A3E3-9175A6F95E14}.Debug|Win32.ActiveCfg = Debug|Win32
		{274463BB-40FA-4111-A3E3-9175A6F95E14}.Debug|Win32.Build.0 = Debug|Win32
		{274463BB-40FA-4111-A3E3-9175A6F95E14}.Release|Win32.ActiveCfg = Release|Win32
		{274463BB-40FA-4111-A3E3-9175A6F95E14}.Release|Win32.Build.0 = Release|Win32
		{274463BB-40FA-4111-A3E3-9175A6F95E14}.MinSizeRel|Win32.ActiveCfg = MinSizeRel|Win32
		{274463BB-40FA-4111-A3E3-9175A6F95E14}.MinSizeRel|Win32.Build.0 = MinSizeRel|Win32
		{274463BB-40FA-4111-A3E3-9175A6F95E14}.RelWithDebInfo|Win32.ActiveCfg = RelWithDebInfo|Win32
		{274463BB-40FA-4111-A3E3-9175A6F95E14}.RelWithDebInfo|Win32.Build.0 = RelWithDebInfo|Win32
		{922F9681-8DD5-4632-BE8A-A5E76B83724B}.Debug|Win32.ActiveCfg = Debug|Win32
		{922F9681-8DD5-4632-BE8A-A5E76B83724B}.Debug|Win32.Build.0 = Debug|Win32
		{922F9681-8DD5-4632-BE8A-A5E76B83724B}.Release|Win32.ActiveCfg = Release|Win32
		{922F9681-8DD5-4632-BE8A-A5E76B83724B}.Release|Win32.Build.0 = Release|Win32
		{922F9681-8DD5-4632-BE8A-A5E76B83724B}.MinSizeRel|Win32.ActiveCfg = MinSizeRel|Win32
		{922F9681-8DD5-4632-BE8A-A5E76B83724B}.MinSizeRel|Win32.Build.0 = MinSizeRel|Win32
		{922F9681-8DD5-4632-BE8A-A5E76B83724B}.RelWithDebInfo|Win32.ActiveCfg = RelWithDebInfo|Win32
		{922F9681-8DD5-4632-BE8A-A5E76B83724B}.RelWithDebInfo|Win32.Build.0 = RelWithDebInfo|Win32
		{EF64C5F3-FA5F-456A-8E79-8EDDE9D0FED6}.Debug|Win32.ActiveCfg = Debug|Win32
		{EF64C5F3-FA5F-456A-8E79-8EDDE9D0FED6}.Debug|Win32.Build.0 = Debug|Win32
		{EF64C5F3-FA5F-456A-8E79-8EDDE9D0FED6}.Release|Win32.ActiveCfg = Release|Win32
		{EF64C5F3-FA5F-456A-8E79-8EDDE9D0FED6}.Release|Win32.Build.0 = Release|Win32
		{EF64C5F3-FA5F-456A-8E79-8EDDE9D0FED6}.MinSizeRel|Win32.ActiveCfg = MinSizeRel|Win32
		{EF64C5F3-FA5F-456A-8E79-8EDDE9D0FED6}.MinSizeRel|Win32.Build.0 = MinSizeRel|Win32
		{EF64C5F3-FA5F-456A-8E79-8EDDE9D0FED6}.RelWithDebInfo|Win32.ActiveCfg = RelWithDebInfo|Win32
		{EF64C5F3-FA5F-456A-8E79-8EDDE9D0FED6}.RelWithDebInfo|Win32.Build.0 = RelWithDebInfo|Win32
		{3A5EFFF3-EF63-4EDC-90AD-14C84140ADA3}.Debug|Win32.ActiveCfg = Debug|Win32
		{3A5EFFF3-EF63-4EDC-90AD-14C84140ADA3}.Debug|Win32.Build.0 = Debug|Win32
		{3A5EFFF3-EF63-4EDC-90AD-14C84140ADA3}.Release|Win32.ActiveCfg = Release|Win32
		{3A5EFFF3-EF63-4EDC-90AD-14C84140ADA3}.Release|Win32.Build.0 = Release|Win32
		{3A5EFFF3-EF63-4EDC-90AD-14C84140ADA3}.MinSizeRel|Win32.ActiveCfg = MinSizeRel|Win32
		{3A5EFFF3-EF63-4EDC-90AD-14C84140ADA3}.MinSizeRel|Win32.Build.0 = MinSizeRel|Win32
		{3A5EFFF3-EF63-4EDC-90AD-14C84140ADA3}.RelWithDebInfo|Win32.ActiveCfg = RelWithDebInfo|Win32
		{3A5EFFF3-EF63-4EDC-90AD-14C84140ADA3}.RelWithDebInfo|Win32.Build.0 = RelWithDebInfo|Win32
		{575EDC7D-08B7-496B-8100-0305205B6866}.Debug|Win32.ActiveCfg = Debug|Win32
		{575EDC7D-08B7-496B-8100-0305205B6866}.Debug|Win32.Build.0 = Debug|Win32
		{575EDC7D-08B7-496B-8100-0305205B6866}.Release|Win32.ActiveCfg = Release|Win32
		{575EDC7D-08B7-496B-8100-0305205B6866}.Release|Win32.Build.0 = Release|Win32
		{575EDC7D-08B7-496B-8100-0305205B6866}.MinSizeRel|Win32.ActiveCfg = MinSizeRel|Win32
		{575EDC7D-08B7-496B-8100-0305205B6866}.MinSizeRel|Win32.Build.0 = MinSizeRel|Win32
		{575EDC7D-08B7-496B-8100-0305205B6866}.RelWithDebInfo|Win32.ActiveCfg = RelWithDebInfo|Win32
		{575EDC7D-08B7-496B-8100-0305205B6866}.RelWithDebInfo|Win32.Build.0 = RelWithDebInfo|Win32
		{9075894F-70F6-4A02-BC79-26E8300D6F1F}.Debug|Win32.ActiveCfg = Debug|Win32
		{9075894F-70F6-4A02-BC79-26E8300D6F1F}.Debug|Win32.Build.0 = Debug|Win32
		{9075894F-70F6-4A02-BC79-26E8300D6F1F}.Release|Win32.ActiveCfg = Release|Win32
		{9075894F-70F6-4A02-BC79-26E8300D6F1F}.Release|Win32.Build.0 = Release|Win32
		{9075894F-70F6-4A02-BC79-26E8300D6F1F}.MinSizeRel|Win32.ActiveCfg = MinSizeRel|Win32
		{9075894F-70F6-4A02-BC79-26E8300D6F1F}.MinSizeRel|Win32.Build.0 = MinSizeRel|Win32
		{9075894F-70F6-4A02-BC79-26E8300D6F1F}.RelWithDebInfo|Win32.ActiveCfg = RelWithDebInfo|Win32
		{9075894F-70F6-4A02-BC79-26E8300D6F1F}.RelWithDebInfo|Win32.Build.0 = RelWithDebInfo|Win32
		{23D41143-3A5D-4D69-93AC-69C2DEB47AF0}.Debug|Win32.ActiveCfg = Debug|Win32
		{23D41143-3A5D-4D69-93AC-69C2DEB47AF0}.Debug|Win32.Build.0 = Debug|Win32
		{23D41143-3A5D-4D69-93AC-69C2DEB47AF0}.Release|Win32.ActiveCfg = Release|Win32
		{23D41143-3A5D-4D69-93AC-69C2DEB47AF0}.Release|Win32.Build.0 = Release|Win32
		{23D41143-3A5D-4D69-93AC-69C2DEB47AF0}.MinSizeRel|Win32.ActiveCfg = MinSizeRel|Win32
		{23D41143-3A5D-4D69-93AC-69C2DEB47AF0}.MinSizeRel|Win32.Build.0 = MinSizeRel|Win32
		{23D41143-3A5D-4D69-93AC-69C2DEB47AF0}.RelWithDebInfo|Win32.ActiveCfg = RelWithDebInfo|Win32
		{23D41143-3A5D-4D69-93AC-69C2DEB47AF0}.RelWithDebInfo|Win32.Build.0 = RelWithDebInfo|Win32
		{176781FF-73A8-47C3-9BBC-E27114801E99}.Debug|Win32.ActiveCfg = Debug|Win32
		{176781FF-73A8-47C3-9BBC-E27114801E99}.Debug|Win32.Build.0 = Debug|Win32
		{176781FF-73A8-47C3-9BBC-E27114801E99}.Release|Win32.ActiveCfg = Release|Win32
		{176781FF-73A8-47C3-9BBC-E27114801E99}.Release|Win32.Build.0 = Release|Win32
		{176781FF-73A8-47C3-9BBC-E27114801E99}.MinSizeRel|Win32.ActiveCfg = MinSizeRel|Win32
		{176781FF-73A8-47C3-9BBC-E27114801E99}.MinSizeRel|Win32.Build.0 = MinSizeRel|Win32
		{176781FF-73A8-47C3-9BBC-E27114801E99}.RelWithDebInfo|Win32.ActiveCfg = RelWithDebInfo|Win32
		{176781FF-73A8-47C3-9BBC-E27114801E99}.RelWithDebInfo|Win32.Build.0 = RelWithDebInfo|Win32
		{9C0D9551-C82F-418E-A3C4-C88EF15C1DF0}.Debug|Win32.ActiveCfg = Debug|Win32
		{9C0D9551-C82F-418E-A3C4-C88EF15C1DF0}.Debug|Win32.Build.0 = Debug|Win32
		{9C0D9551-C82F-418E-A3C4-C88EF15C1DF0}.Release|Win32.ActiveCfg = Release|Win32
		{9C0D9551-C82F-418E-A3C4-C88EF15C1DF0}.Release|Win32.Build.0 = Release|Win32
		{9C0D9551-C82F-418E-A3C4-C88EF15C1DF0}.MinSizeRel|Win32.ActiveCfg = MinSizeRel|Win32
		{9C0D9551-C82F-418E-A3C4-C88EF15C1DF0}.MinSizeRel|Win32.Build.0 = MinSizeRel|Win32
		{9C0D9551-C82F-418E-A3C4-C88EF15C1DF0}.RelWithDebInfo|Win32.ActiveCfg = RelWithDebInfo|Win32
		{9C0D9551-C82F-418E-A3C4-C88EF15C1DF0}.RelWithDebInfo|Win32.Build.0 = RelWithDebInfo|Win32
		{8CFC8D03-FDBA-4431-BA04-6CC2DFE03452}.Debug|Win32.ActiveCfg = Debug|Win32
		{8CFC8D03-FDBA-4431-BA04-6CC2DFE03452}.Debug|Win32.Build.0 = Debug|Win32
		{8CFC8D03-FDBA-4431-BA04-6CC2DFE03452}.Release|Win32.ActiveCfg = Release|Win32
		{8CFC8D03-FDBA-4431-BA04-6CC2DFE03452}.Release|Win32.Build.0 = Release|Win32
		{8CFC8D03-FDBA-4431-BA04-6CC2DFE03452}.MinSizeRel|Win32.ActiveCfg = MinSizeRel|Win32
		{8CFC8D03-FDBA-4431-BA04-6CC2DFE03452}.MinSizeRel|Win32.Build.0 = MinSizeRel|Win32
		{8CFC8D03-FDBA-4431-BA04-6CC2DFE03452}.RelWithDebInfo|Win32.ActiveCfg = RelWithDebInfo|Win32
		{8CFC8D03-FDBA-4431-BA04-6CC2DFE03452}.RelWithDebInfo|Win32.Build.0 = RelWithDebInfo|Win32
		{94B0B0CA-AB27-4372-82A9-6063B050D26D}.Debug|Win32.ActiveCfg = Debug|Win32
		{94B0B0CA-AB27-4372-82A9-6063B050D26D}.Debug|Win32.Build.0 = Debug|Win32
		{94B0B0CA-AB27-4372-82A9-6063B050D26D}.Release|Win32.ActiveCfg = Release|Win32
		{94B0B0CA-AB27-4372-82A9-6063B050D26D}.Release|Win32.Build.0 = Release|Win32
		{94B0B0CA-AB27-4372-82A9-6063B050D26D}.MinSizeRel|Win32.ActiveCfg = MinSizeRel|Win32
		{94B0B0CA-AB27-4372-82A9-6063B050D26D}.MinSizeRel|Win32.Build.0 = MinSizeRel|Win32
		{94B0B0CA-AB27-4372-82A9-6063B050D26D}.RelWithDebInfo|Win32.ActiveCfg = RelWithDebInfo|Win32
		{94B0B0CA-AB27-4372-82A9-6063B050D26D}.RelWithDebInfo|Win32.Build.0 = RelWithDebInfo|Win32
		{7A869BD7-B8AE-4D79-9CB4-E478436BE30C}.Debug|Win32.ActiveCfg = Debug|Win32
		{7A869BD7-B8AE-4D79-9CB4-E478436BE30C}.Debug|Win32.Build.0 = Debug|Win32
		{7A869BD7-B8AE-4D79-9CB4-E478436BE30C}.Release|Win32.ActiveCfg = Release|Win32
		{7A869BD7-B8AE-4D79-9CB4-E478436BE30C}.Release|Win32.Build.0 = Release|Win32
		{7A869BD7-B8AE-4D79-9CB4-E478436BE30C}.MinSizeRel|Win32.ActiveCfg = MinSizeRel|Win32
		{7A869BD7-B8AE-4D79-9CB4-E478436BE30C}.MinSizeRel|Win32.Build.0 = MinSizeRel|Win32
		{7A869BD7-B8AE-4D79-9CB4-E478436BE30C}.RelWithDebInfo|Win32.ActiveCfg = RelWithDebInfo|Win32
		{7A869BD7-B8AE-4D79-9CB4-E478436BE30C}.RelWithDebInfo|Win32.Build.0 = RelWithDebInfo|Win32
		{72D83C20-17F7-4BCE-8785-B681FB07E132}.Debug|Win32.ActiveCfg = Debug|Win32
		{72D83C20-17F7-4BCE-8785-B681FB07E132}.Debug|Win32.Build.0 = Debug|Win32
		{72D83C20-17F7-4BCE-8785-B681FB07E132}.Release|Win32.ActiveCfg = Release|Win32
		{72D83C20-17F7-4BCE-8785-B681FB07E132}.Release|Win32.Build.0 = Release|Win32
		{72D83C20-17F7-4BCE-8785-B681FB07E132}.MinSizeRel|Win32.ActiveCfg = MinSizeRel|Win32
		{72D83C20-17F7-4BCE-8785-B681FB07E132}.MinSizeRel|Win32.Build.0 = MinSizeRel|Win32
		{72D83C20-17F7-4BCE-8785-B681FB07E132}.RelWithDebInfo|Win32.ActiveCfg = RelWithDebInfo|Win32
		{72D83C20-17F7-4BCE-8785-B681FB07E132}.RelWithDebInfo|Win32.Build.0 = RelWithDebInfo|Win32
		{ADBB1585-4F11-42AB-B6C5-E14390FF5B8A}.Debug|Win32.ActiveCfg = Debug|Win32
		{ADBB1585-4F11-42AB-B6C5-E14390FF5B8A}.Debug|Win32.Build.0 = Debug|Win32
		{ADBB1585-4F11-42AB-B6C5-E14390FF5B8A}.Release|Win32.ActiveCfg = Release|Win32
		{ADBB1585-4F11-42AB-B6C5-E14390FF5B8A}.Release|Win32.Build.0 = Release|Win32
		{ADBB1585-4F11-42AB-B6C5-E14390FF5B8A}.MinSizeRel|Win32.ActiveCfg = MinSizeRel|Win32
		{ADBB1585-4F11-42AB-B6C5-E14390FF5B8A}.MinSizeRel|Win32.Build.0 = MinSizeRel|Win32
		{ADBB1585-4F11-42AB-B6C5-E14390FF5B8A}.RelWithDebInfo|Win32.ActiveCfg = RelWithDebInfo|Win32
		{ADBB1585-4F11-42AB-B6C5-E14390FF5B8A}.RelWithDebInfo|Win32.Build.0 = RelWithDebInfo|Win32
		{075B38C9-5EBE-44CC-AC50-CAF637EE211C}.Debug|Win32.ActiveCfg = Debug|Win32
		{075B38C9-5EBE-44CC-AC50-CAF637EE211C}.Debug|Win32.Build.0 = Debug|Win32
		{075B38C9-5EBE-44CC-AC50-CAF637EE211C}.Release|Win32.ActiveCfg = Release|Win32
		{075B38C9-5EBE-44CC-AC50-CAF637EE211C}.Release|Win32.Build.0 = Release|Win32
		{075B38C9-5EBE-44CC-AC50-CAF637EE211C}.MinSizeRel|Win32.ActiveCfg = MinSizeRel|Win32
		{075B38C9-5EBE-44CC-AC50-CAF637EE211C}.MinSizeRel|Win32.Build.0 = MinSizeRel|Win32
		{075B38C9-5EBE-44CC-AC50-CAF637EE211C}.RelWithDebInfo|Win32.ActiveCfg = RelWithDebInfo|Win32
		{075B38C9-5EBE-44CC-AC50-CAF637EE211C}.RelWithDebInfo|Win32.Build.0 = RelWithDebInfo|Win32
		{9B85BAEE-429B-421B-94D9-45B0FE0C7F8A}.Debug|Win32.ActiveCfg = Debug|Win32
		{9B85BAEE-429B-421B-94D9-45B0FE0C7F8A}.Debug|Win32.Build.0 = Debug|Win32
		{9B85BAEE-429B-421B-94D9-45B0FE0C7F8A}.Release|Win32.ActiveCfg = Release|Win32
		{9B85BAEE-429B-421B-94D9-45B0FE0C7F8A}.Release|Win32.Build.0 = Release|Win32
		{9B85BAEE-429B-421B-94D9-45B0FE0C7F8A}.MinSizeRel|Win32.ActiveCfg = MinSizeRel|Win32
		{9B85BAEE-429B-421B-94D9-45B0FE0C7F8A}.MinSizeRel|Win32.Build.0 = MinSizeRel|Win32
		{9B85BAEE-429B-421B-94D9-45B0FE0C7F8A}.RelWithDebInfo|Win32.ActiveCfg = RelWithDebInfo|Win32
		{9B85BAEE-429B-421B-94D9-45B0FE0C7F8A}.RelWithDebInfo|Win32.Build.0 = RelWithDebInfo|Win32
		{4067FA3F-3D5F-476A-B594-3C871108CC19}.Debug|Win32.ActiveCfg = Debug|Win32
		{4067FA3F-3D5F-476A-B594-3C871108CC19}.Debug|Win32.Build.0 = Debug|Win32
		{4067FA3F-3D5F-476A-B594-3C871108CC19}.Release|Win32.ActiveCfg = Release|Win32
		{4067FA3F-3D5F-476A-B594-3C871108CC19}.Release|Win32.Build.0 = Release|Win32
		{4067FA3F-3D5F-476A-B594-3C871108CC19}.MinSizeRel|Win32.ActiveCfg = MinSizeRel|Win32
		{4067FA3F-3D5F-476A-B594-3C871108CC19}.MinSizeRel|Win32.Build.0 = MinSizeRel|Win32
		{4067FA3F-3D5F-476A-B594-3C871108CC19}.RelWithDebInfo|Win32.ActiveCfg = RelWithDebInfo|Win32
		{4067FA3F-3D5F-476A-B594-3C871108CC19}.RelWithDebInfo|Win32.Build.0 = RelWithDebInfo|Win32
		{76D1D3D2-B32C-4357-8F6A-6CA2C4F8ED62}.Debug|Win32.ActiveCfg = Debug|Win32
		{76D1D3D2-B32C-4357-8F6A-6CA2C4F8ED62}.Debug|Win32.Build.0 = Debug|Win32
		{76D1D3D2-B32C-4357-8F6A-6CA2C4F8ED62}.Release|Win32.ActiveCfg = Release|Win32
		{76D1D3D2-B32C-4357-8F6A-6CA2C4F8ED62}.Release|Win32.Build.0 = Release|Win32
		{76D1D3D2-B32C-4357-8F6A-6CA2C4F8ED62}.MinSizeRel|Win32.ActiveCfg = MinSizeRel|Win32
		{76D1D3D2-B32C-4357-8F6A-6CA2C4F8ED62}.MinSizeRel|Win32.Build.0 = MinSizeRel|Win32
		{76D1D3D2-B32C-4357-8F6A-6CA2C4F8ED62}.RelWithDebInfo|Win32.ActiveCfg = RelWithDebInfo|Win32
		{76D1D3D2-B32C-4357-8F6A-6CA2C4F8ED62}.RelWithDebInfo|Win32.Build.0 = RelWithDebInfo|Win32
		{656C7184-12C6-4C65-8CC4-B05B6F9E7485}.Debug|Win32.ActiveCfg = Debug|Win32
		{656C7184-12C6-4C65-8CC4-B05B6F9E7485}.Debug|Win32.Build.0 = Debug|Win32
		{656C7184-12C6-4C65-8CC4-B05B6F9E7485}.Release|Win32.ActiveCfg = Release|Win32
		{656C7184-12C6-4C65-8CC4-B05B6F9E7485}.Release|Win32.Build.0 = Release|Win32
		{656C7184-12C6-4C65-8CC4-B05B6F9E7485}.MinSizeRel|Win32.ActiveCfg = MinSizeRel|Win32
		{656C7184-12C6-4C65-8CC4-B05B6F9E7485}.MinSizeRel|Win32.Build.0 = MinSizeRel|Win32
		{656C7184-12C6-4C65-8CC4-B05B6F9E7485}.RelWithDebInfo|Win32.ActiveCfg = RelWithDebInfo|Win32
		{656C7184-12C6-4C65-8CC4-B05B6F9E7485}.RelWithDebInfo|Win32.Build.0 = RelWithDebInfo|Win32
		{5C04D45E-CA2C-4449-B28C-D73A6D03EA44}.Debug|Win32.ActiveCfg = Debug|Win32
		{5C04D45E-CA2C-4449-B28C-D73A6D03EA44}.Debug|Win32.Build.0 = Debug|Win32
		{5C04D45E-CA2C-4449-B28C-D73A6D03EA44}.Release|Win32.ActiveCfg = Release|Win32
		{5C04D45E-CA2C-4449-B28C-D73A6D03EA44}.Release|Win32.Build.0 = Release|Win32
		{5C04D45E-CA2C-4449-B28C-D73A6D03EA44}.MinSizeRel|Win32.ActiveCfg = MinSizeRel|Win32
		{5C04D45E-CA2C-4449-B28C-D73A6D03EA44}.MinSizeRel|Win32.Build.0 = MinSizeRel|Win32
		{5C04D45E-CA2C-4449-B28C-D73A6D03EA44}.RelWithDebInfo|Win32.ActiveCfg = RelWithDebInfo|Win32
		{5C04D45E-CA2C-4449-B28C-D73A6D03EA44}.RelWithDebInfo|Win32.Build.0 = RelWithDebInfo|Win32
		{087A1407-2153-4DA4-B258-A1BAB06E22A0}.Debug|Win32.ActiveCfg = Debug|Win32
		{087A1407-2153-4DA4-B258-A1BAB06E22A0}.Debug|Win32.Build.0 = Debug|Win32
		{087A1407-2153-4DA4-B258-A1BAB06E22A0}.Release|Win32.ActiveCfg = Release|Win32
		{087A1407-2153-4DA4-B258-A1BAB06E22A0}.Release|Win32.Build.0 = Release|Win32
		{087A1407-2153-4DA4-B258-A1BAB06E22A0}.MinSizeRel|Win32.ActiveCfg = MinSizeRel|Win32
		{087A1407-2153-4DA4-B258-A1BAB06E22A0}.MinSizeRel|Win32.Build.0 = MinSizeRel|Win32
		{087A1407-2153-4DA4-B258-A1BAB06E22A0}.RelWithDebInfo|Win32.ActiveCfg = RelWithDebInfo|Win32
		{087A1407-2153-4DA4-B258-A1BAB06E22A0}.RelWithDebInfo|Win32.Build.0 = RelWithDebInfo|Win32
	EndGlobalSection
	GlobalSection(NestedProjects) = preSolution
		{E11CE814-9069-4E02-81D3-D8FC67553A33} = {A12C0EBF-7D79-456C-B640-F0C1E1409E98}
		{CC0C7064-2685-4848-80F6-3C41122FD82E} = {A12C0EBF-7D79-456C-B640-F0C1E1409E98}
		{AD513AB9-C9AA-4A69-AFF0-FCF0673F29AE} = {A12C0EBF-7D79-456C-B640-F0C1E1409E98}
		{300FD989-A35C-4B11-AAF4-FB068E96DA47} = {DCE03CD5-0AC7-4298-965C-7E9D4B70857D}
		{EF64C5F3-FA5F-456A-8E79-8EDDE9D0FED6} = {300FD989-A35C-4B11-AAF4-FB068E96DA47}
		{3A5EFFF3-EF63-4EDC-90AD-14C84140ADA3} = {300FD989-A35C-4B11-AAF4-FB068E96DA47}
		{575EDC7D-08B7-496B-8100-0305205B6866} = {300FD989-A35C-4B11-AAF4-FB068E96DA47}
		{9075894F-70F6-4A02-BC79-26E8300D6F1F} = {300FD989-A35C-4B11-AAF4-FB068E96DA47}
		{23D41143-3A5D-4D69-93AC-69C2DEB47AF0} = {300FD989-A35C-4B11-AAF4-FB068E96DA47}
		{176781FF-73A8-47C3-9BBC-E27114801E99} = {300FD989-A35C-4B11-AAF4-FB068E96DA47}
		{9C0D9551-C82F-418E-A3C4-C88EF15C1DF0} = {300FD989-A35C-4B11-AAF4-FB068E96DA47}
		{8CFC8D03-FDBA-4431-BA04-6CC2DFE03452} = {300FD989-A35C-4B11-AAF4-FB068E96DA47}
		{94B0B0CA-AB27-4372-82A9-6063B050D26D} = {300FD989-A35C-4B11-AAF4-FB068E96DA47}
		{7A869BD7-B8AE-4D79-9CB4-E478436BE30C} = {300FD989-A35C-4B11-AAF4-FB068E96DA47}
		{72D83C20-17F7-4BCE-8785-B681FB07E132} = {300FD989-A35C-4B11-AAF4-FB068E96DA47}
		{ADBB1585-4F11-42AB-B6C5-E14390FF5B8A} = {300FD989-A35C-4B11-AAF4-FB068E96DA47}
		{075B38C9-5EBE-44CC-AC50-CAF637EE211C} = {300FD989-A35C-4B11-AAF4-FB068E96DA47}
		{9B85BAEE-429B-421B-94D9-45B0FE0C7F8A} = {300FD989-A35C-4B11-AAF4-FB068E96DA47}
		{4067FA3F-3D5F-476A-B594-3C871108CC19} = {300FD989-A35C-4B11-AAF4-FB068E96DA47}
		{76D1D3D2-B32C-4357-8F6A-6CA2C4F8ED62} = {300FD989-A35C-4B11-AAF4-FB068E96DA47}
		{656C7184-12C6-4C65-8CC4-B05B6F9E7485} = {300FD989-A35C-4B11-AAF4-FB068E96DA47}
		{5C04D45E-CA2C-4449-B28C-D73A6D03EA44} = {300FD989-A35C-4B11-AAF4-FB068E96DA47}
		{087A1407-2153-4DA4-B258-A1BAB06E22A0} = {300FD989-A35C-4B11-AAF4-FB068E96DA47}
		{618C5A6B-FBF3-44F9-AA7F-8D646ACE8216} = {7207960D-C0FF-4050-BC52-D120E6F7961D}
		{274463BB-40FA-4111-A3E3-9175A6F95E14} = {7207960D-C0FF-4050-BC52-D120E6F7961D}
		{922F9681-8DD5-4632-BE8A-A5E76B83724B} = {618C5A6B-FBF3-44F9-AA7F-8D646ACE8216}
	EndGlobalSection
	GlobalSection(ExtensibilityGlobals) = postSolution
	EndGlobalSection
	GlobalSection(ExtensibilityAddIns) = postSolution
	EndGlobalSection
EndGlobal
