<?xml version="1.0" encoding="utf-8"?>
<Project ToolsVersion="12.0" xmlns="http://schemas.microsoft.com/developer/msbuild/2003">
  <ItemGroup>
    <CustomBuild Include="CMakeFiles\6bdf2600189b8f0e59070b5da155e49d\PACKAGE_force.rule">
      <Filter>CMake Rules</Filter>
    </CustomBuild>
  </ItemGroup>
  <ItemGroup>
    <Filter Include="CMake Rules">
      <UniqueIdentifier>{999D68DE-7410-465A-A5C0-CB7B2A977F9A}</UniqueIdentifier>
    </Filter>
  </ItemGroup>
</Project>
