Microsoft Visual Studio Solution File, Format Version 12.00
# Visual Studio 2013
Project("{8BC9CEB8-8B4A-11D0-8D11-00A0C91BC942}") = "ALL_BUILD", "ALL_BUILD.vcxproj", "{2130C3A4-73AD-447A-8AB3-651A0D9498D2}"
	ProjectSection(ProjectDependencies) = postProject
		{DEEB851A-8683-4107-9E29-B9C7B7D11AC9} = {DEEB851A-8683-4107-9E29-B9C7B7D11AC9}
		{9768448C-56A8-4DBF-BA4D-5CCF9392B2E4} = {9768448C-56A8-4DBF-BA4D-5CCF9392B2E4}
		{3934333B-D99E-441F-A427-4D52B06C8ACB} = {3934333B-D99E-441F-A427-4D52B06C8ACB}
		{F2504E3B-3BD8-4CDC-9278-84F8D30D93D9} = {F2504E3B-3BD8-4CDC-9278-84F8D30D93D9}
		{4D7E3B86-5AA3-45BA-A817-3942D4F5B43E} = {4D7E3B86-5AA3-45BA-A817-3942D4F5B43E}
		{96201188-2830-42E6-B662-455B28C31E0B} = {96201188-2830-42E6-B662-455B28C31E0B}
		{61118F6B-470B-411D-A06F-DD496295B17E} = {61118F6B-470B-411D-A06F-DD496295B17E}
		{E82ADE26-6E97-4290-AD85-DB400AC688DE} = {E82ADE26-6E97-4290-AD85-DB400AC688DE}
		{C8672EBC-F5BC-457A-8BB6-CE591649FEC9} = {C8672EBC-F5BC-457A-8BB6-CE591649FEC9}
		{D91D7F24-2B01-453B-8DBB-4E5E57C6F19E} = {D91D7F24-2B01-453B-8DBB-4E5E57C6F19E}
		{DC9B806E-D47B-4FA4-B684-31546D437213} = {DC9B806E-D47B-4FA4-B684-31546D437213}
		{348F6952-BB97-436F-9128-1C2CE998BACB} = {348F6952-BB97-436F-9128-1C2CE998BACB}
		{FC9F3732-EEC7-4D3B-8119-7A0C36702C93} = {FC9F3732-EEC7-4D3B-8119-7A0C36702C93}
		{C59EE1E0-038E-418C-BE59-86EECFEF1E10} = {C59EE1E0-038E-418C-BE59-86EECFEF1E10}
		{1A52FF3A-3F12-4100-A26E-E9FF15EF2034} = {1A52FF3A-3F12-4100-A26E-E9FF15EF2034}
		{0CD40CAE-007E-40A6-8724-AA9EFC525225} = {0CD40CAE-007E-40A6-8724-AA9EFC525225}
	EndProjectSection
EndProject
Project("{8BC9CEB8-8B4A-11D0-8D11-00A0C91BC942}") = "H5detect", "..\..\src\H5detect.vcxproj", "{CC713B69-F727-4C1A-845D-ACE4D5E0D839}"
	ProjectSection(ProjectDependencies) = postProject
		{AD513AB9-C9AA-4A69-AFF0-FCF0673F29AE} = {AD513AB9-C9AA-4A69-AFF0-FCF0673F29AE}
	EndProjectSection
EndProject
Project("{8BC9CEB8-8B4A-11D0-8D11-00A0C91BC942}") = "H5make_libsettings", "..\..\src\H5make_libsettings.vcxproj", "{A5B1F9EA-9D9A-49B9-884F-A682876C769C}"
	ProjectSection(ProjectDependencies) = postProject
		{AD513AB9-C9AA-4A69-AFF0-FCF0673F29AE} = {AD513AB9-C9AA-4A69-AFF0-FCF0673F29AE}
	EndProjectSection
EndProject
Project("{8BC9CEB8-8B4A-11D0-8D11-00A0C91BC942}") = "INSTALL", "INSTALL.vcxproj", "{E11CE814-9069-4E02-81D3-D8FC67553A33}"
	ProjectSection(ProjectDependencies) = postProject
		{2130C3A4-73AD-447A-8AB3-651A0D9498D2} = {2130C3A4-73AD-447A-8AB3-651A0D9498D2}
	EndProjectSection
EndProject
Project("{8BC9CEB8-8B4A-11D0-8D11-00A0C91BC942}") = "PACKAGE", "PACKAGE.vcxproj", "{CC0C7064-2685-4848-80F6-3C41122FD82E}"
	ProjectSection(ProjectDependencies) = postProject
		{2130C3A4-73AD-447A-8AB3-651A0D9498D2} = {2130C3A4-73AD-447A-8AB3-651A0D9498D2}
	EndProjectSection
EndProject
Project("{8BC9CEB8-8B4A-11D0-8D11-00A0C91BC942}") = "ZERO_CHECK", "..\..\ZERO_CHECK.vcxproj", "{AD513AB9-C9AA-4A69-AFF0-FCF0673F29AE}"
	ProjectSection(ProjectDependencies) = postProject
	EndProjectSection
EndProject
Project("{8BC9CEB8-8B4A-11D0-8D11-00A0C91BC942}") = "cpp_ex_chunks", "cpp_ex_chunks.vcxproj", "{DEEB851A-8683-4107-9E29-B9C7B7D11AC9}"
	ProjectSection(ProjectDependencies) = postProject
		{AD513AB9-C9AA-4A69-AFF0-FCF0673F29AE} = {AD513AB9-C9AA-4A69-AFF0-FCF0673F29AE}
		{274463BB-40FA-4111-A3E3-9175A6F95E14} = {274463BB-40FA-4111-A3E3-9175A6F95E14}
		{924FA3D4-DF29-46A7-A8E4-E498C8E5D52A} = {924FA3D4-DF29-46A7-A8E4-E498C8E5D52A}
	EndProjectSection
EndProject
Project("{8BC9CEB8-8B4A-11D0-8D11-00A0C91BC942}") = "cpp_ex_compound", "cpp_ex_compound.vcxproj", "{9768448C-56A8-4DBF-BA4D-5CCF9392B2E4}"
	ProjectSection(ProjectDependencies) = postProject
		{AD513AB9-C9AA-4A69-AFF0-FCF0673F29AE} = {AD513AB9-C9AA-4A69-AFF0-FCF0673F29AE}
		{274463BB-40FA-4111-A3E3-9175A6F95E14} = {274463BB-40FA-4111-A3E3-9175A6F95E14}
		{924FA3D4-DF29-46A7-A8E4-E498C8E5D52A} = {924FA3D4-DF29-46A7-A8E4-E498C8E5D52A}
	EndProjectSection
EndProject
Project("{8BC9CEB8-8B4A-11D0-8D11-00A0C91BC942}") = "cpp_ex_create", "cpp_ex_create.vcxproj", "{3934333B-D99E-441F-A427-4D52B06C8ACB}"
	ProjectSection(ProjectDependencies) = postProject
		{AD513AB9-C9AA-4A69-AFF0-FCF0673F29AE} = {AD513AB9-C9AA-4A69-AFF0-FCF0673F29AE}
		{274463BB-40FA-4111-A3E3-9175A6F95E14} = {274463BB-40FA-4111-A3E3-9175A6F95E14}
		{924FA3D4-DF29-46A7-A8E4-E498C8E5D52A} = {924FA3D4-DF29-46A7-A8E4-E498C8E5D52A}
	EndProjectSection
EndProject
Project("{8BC9CEB8-8B4A-11D0-8D11-00A0C91BC942}") = "cpp_ex_extend_ds", "cpp_ex_extend_ds.vcxproj", "{F2504E3B-3BD8-4CDC-9278-84F8D30D93D9}"
	ProjectSection(ProjectDependencies) = postProject
		{AD513AB9-C9AA-4A69-AFF0-FCF0673F29AE} = {AD513AB9-C9AA-4A69-AFF0-FCF0673F29AE}
		{274463BB-40FA-4111-A3E3-9175A6F95E14} = {274463BB-40FA-4111-A3E3-9175A6F95E14}
		{924FA3D4-DF29-46A7-A8E4-E498C8E5D52A} = {924FA3D4-DF29-46A7-A8E4-E498C8E5D52A}
	EndProjectSection
EndProject
Project("{8BC9CEB8-8B4A-11D0-8D11-00A0C91BC942}") = "cpp_ex_h5group", "cpp_ex_h5group.vcxproj", "{4D7E3B86-5AA3-45BA-A817-3942D4F5B43E}"
	ProjectSection(ProjectDependencies) = postProject
		{AD513AB9-C9AA-4A69-AFF0-FCF0673F29AE} = {AD513AB9-C9AA-4A69-AFF0-FCF0673F29AE}
		{274463BB-40FA-4111-A3E3-9175A6F95E14} = {274463BB-40FA-4111-A3E3-9175A6F95E14}
		{924FA3D4-DF29-46A7-A8E4-E498C8E5D52A} = {924FA3D4-DF29-46A7-A8E4-E498C8E5D52A}
	EndProjectSection
EndProject
Project("{8BC9CEB8-8B4A-11D0-8D11-00A0C91BC942}") = "cpp_ex_h5tutr_cmprss", "cpp_ex_h5tutr_cmprss.vcxproj", "{96201188-2830-42E6-B662-455B28C31E0B}"
	ProjectSection(ProjectDependencies) = postProject
		{AD513AB9-C9AA-4A69-AFF0-FCF0673F29AE} = {AD513AB9-C9AA-4A69-AFF0-FCF0673F29AE}
		{274463BB-40FA-4111-A3E3-9175A6F95E14} = {274463BB-40FA-4111-A3E3-9175A6F95E14}
		{924FA3D4-DF29-46A7-A8E4-E498C8E5D52A} = {924FA3D4-DF29-46A7-A8E4-E498C8E5D52A}
	EndProjectSection
EndProject
Project("{8BC9CEB8-8B4A-11D0-8D11-00A0C91BC942}") = "cpp_ex_h5tutr_crtatt", "cpp_ex_h5tutr_crtatt.vcxproj", "{61118F6B-470B-411D-A06F-DD496295B17E}"
	ProjectSection(ProjectDependencies) = postProject
		{AD513AB9-C9AA-4A69-AFF0-FCF0673F29AE} = {AD513AB9-C9AA-4A69-AFF0-FCF0673F29AE}
		{274463BB-40FA-4111-A3E3-9175A6F95E14} = {274463BB-40FA-4111-A3E3-9175A6F95E14}
		{924FA3D4-DF29-46A7-A8E4-E498C8E5D52A} = {924FA3D4-DF29-46A7-A8E4-E498C8E5D52A}
	EndProjectSection
EndProject
Project("{8BC9CEB8-8B4A-11D0-8D11-00A0C91BC942}") = "cpp_ex_h5tutr_crtdat", "cpp_ex_h5tutr_crtdat.vcxproj", "{E82ADE26-6E97-4290-AD85-DB400AC688DE}"
	ProjectSection(ProjectDependencies) = postProject
		{AD513AB9-C9AA-4A69-AFF0-FCF0673F29AE} = {AD513AB9-C9AA-4A69-AFF0-FCF0673F29AE}
		{274463BB-40FA-4111-A3E3-9175A6F95E14} = {274463BB-40FA-4111-A3E3-9175A6F95E14}
		{924FA3D4-DF29-46A7-A8E4-E498C8E5D52A} = {924FA3D4-DF29-46A7-A8E4-E498C8E5D52A}
	EndProjectSection
EndProject
Project("{8BC9CEB8-8B4A-11D0-8D11-00A0C91BC942}") = "cpp_ex_h5tutr_crtgrp", "cpp_ex_h5tutr_crtgrp.vcxproj", "{C8672EBC-F5BC-457A-8BB6-CE591649FEC9}"
	ProjectSection(ProjectDependencies) = postProject
		{AD513AB9-C9AA-4A69-AFF0-FCF0673F29AE} = {AD513AB9-C9AA-4A69-AFF0-FCF0673F29AE}
		{274463BB-40FA-4111-A3E3-9175A6F95E14} = {274463BB-40FA-4111-A3E3-9175A6F95E14}
		{924FA3D4-DF29-46A7-A8E4-E498C8E5D52A} = {924FA3D4-DF29-46A7-A8E4-E498C8E5D52A}
	EndProjectSection
EndProject
Project("{8BC9CEB8-8B4A-11D0-8D11-00A0C91BC942}") = "cpp_ex_h5tutr_crtgrpar", "cpp_ex_h5tutr_crtgrpar.vcxproj", "{D91D7F24-2B01-453B-8DBB-4E5E57C6F19E}"
	ProjectSection(ProjectDependencies) = postProject
		{AD513AB9-C9AA-4A69-AFF0-FCF0673F29AE} = {AD513AB9-C9AA-4A69-AFF0-FCF0673F29AE}
		{274463BB-40FA-4111-A3E3-9175A6F95E14} = {274463BB-40FA-4111-A3E3-9175A6F95E14}
		{924FA3D4-DF29-46A7-A8E4-E498C8E5D52A} = {924FA3D4-DF29-46A7-A8E4-E498C8E5D52A}
	EndProjectSection
EndProject
Project("{8BC9CEB8-8B4A-11D0-8D11-00A0C91BC942}") = "cpp_ex_h5tutr_crtgrpd", "cpp_ex_h5tutr_crtgrpd.vcxproj", "{DC9B806E-D47B-4FA4-B684-31546D437213}"
	ProjectSection(ProjectDependencies) = postProject
		{AD513AB9-C9AA-4A69-AFF0-FCF0673F29AE} = {AD513AB9-C9AA-4A69-AFF0-FCF0673F29AE}
		{274463BB-40FA-4111-A3E3-9175A6F95E14} = {274463BB-40FA-4111-A3E3-9175A6F95E14}
		{924FA3D4-DF29-46A7-A8E4-E498C8E5D52A} = {924FA3D4-DF29-46A7-A8E4-E498C8E5D52A}
	EndProjectSection
EndProject
Project("{8BC9CEB8-8B4A-11D0-8D11-00A0C91BC942}") = "cpp_ex_h5tutr_extend", "cpp_ex_h5tutr_extend.vcxproj", "{348F6952-BB97-436F-9128-1C2CE998BACB}"
	ProjectSection(ProjectDependencies) = postProject
		{AD513AB9-C9AA-4A69-AFF0-FCF0673F29AE} = {AD513AB9-C9AA-4A69-AFF0-FCF0673F29AE}
		{274463BB-40FA-4111-A3E3-9175A6F95E14} = {274463BB-40FA-4111-A3E3-9175A6F95E14}
		{924FA3D4-DF29-46A7-A8E4-E498C8E5D52A} = {924FA3D4-DF29-46A7-A8E4-E498C8E5D52A}
	EndProjectSection
EndProject
Project("{8BC9CEB8-8B4A-11D0-8D11-00A0C91BC942}") = "cpp_ex_h5tutr_rdwt", "cpp_ex_h5tutr_rdwt.vcxproj", "{FC9F3732-EEC7-4D3B-8119-7A0C36702C93}"
	ProjectSection(ProjectDependencies) = postProject
		{AD513AB9-C9AA-4A69-AFF0-FCF0673F29AE} = {AD513AB9-C9AA-4A69-AFF0-FCF0673F29AE}
		{274463BB-40FA-4111-A3E3-9175A6F95E14} = {274463BB-40FA-4111-A3E3-9175A6F95E14}
		{924FA3D4-DF29-46A7-A8E4-E498C8E5D52A} = {924FA3D4-DF29-46A7-A8E4-E498C8E5D52A}
	EndProjectSection
EndProject
Project("{8BC9CEB8-8B4A-11D0-8D11-00A0C91BC942}") = "cpp_ex_h5tutr_subset", "cpp_ex_h5tutr_subset.vcxproj", "{C59EE1E0-038E-418C-BE59-86EECFEF1E10}"
	ProjectSection(ProjectDependencies) = postProject
		{AD513AB9-C9AA-4A69-AFF0-FCF0673F29AE} = {AD513AB9-C9AA-4A69-AFF0-FCF0673F29AE}
		{274463BB-40FA-4111-A3E3-9175A6F95E14} = {274463BB-40FA-4111-A3E3-9175A6F95E14}
		{924FA3D4-DF29-46A7-A8E4-E498C8E5D52A} = {924FA3D4-DF29-46A7-A8E4-E498C8E5D52A}
	EndProjectSection
EndProject
Project("{8BC9CEB8-8B4A-11D0-8D11-00A0C91BC942}") = "cpp_ex_readdata", "cpp_ex_readdata.vcxproj", "{1A52FF3A-3F12-4100-A26E-E9FF15EF2034}"
	ProjectSection(ProjectDependencies) = postProject
		{AD513AB9-C9AA-4A69-AFF0-FCF0673F29AE} = {AD513AB9-C9AA-4A69-AFF0-FCF0673F29AE}
		{274463BB-40FA-4111-A3E3-9175A6F95E14} = {274463BB-40FA-4111-A3E3-9175A6F95E14}
		{924FA3D4-DF29-46A7-A8E4-E498C8E5D52A} = {924FA3D4-DF29-46A7-A8E4-E498C8E5D52A}
	EndProjectSection
EndProject
Project("{8BC9CEB8-8B4A-11D0-8D11-00A0C91BC942}") = "cpp_ex_writedata", "cpp_ex_writedata.vcxproj", "{0CD40CAE-007E-40A6-8724-AA9EFC525225}"
	ProjectSection(ProjectDependencies) = postProject
		{AD513AB9-C9AA-4A69-AFF0-FCF0673F29AE} = {AD513AB9-C9AA-4A69-AFF0-FCF0673F29AE}
		{274463BB-40FA-4111-A3E3-9175A6F95E14} = {274463BB-40FA-4111-A3E3-9175A6F95E14}
		{924FA3D4-DF29-46A7-A8E4-E498C8E5D52A} = {924FA3D4-DF29-46A7-A8E4-E498C8E5D52A}
	EndProjectSection
EndProject
Project("{8BC9CEB8-8B4A-11D0-8D11-00A0C91BC942}") = "hdf5", "..\..\src\hdf5.vcxproj", "{274463BB-40FA-4111-A3E3-9175A6F95E14}"
	ProjectSection(ProjectDependencies) = postProject
		{CC713B69-F727-4C1A-845D-ACE4D5E0D839} = {CC713B69-F727-4C1A-845D-ACE4D5E0D839}
		{A5B1F9EA-9D9A-49B9-884F-A682876C769C} = {A5B1F9EA-9D9A-49B9-884F-A682876C769C}
		{AD513AB9-C9AA-4A69-AFF0-FCF0673F29AE} = {AD513AB9-C9AA-4A69-AFF0-FCF0673F29AE}
	EndProjectSection
EndProject
Project("{8BC9CEB8-8B4A-11D0-8D11-00A0C91BC942}") = "hdf5_cpp", "..\src\hdf5_cpp.vcxproj", "{924FA3D4-DF29-46A7-A8E4-E498C8E5D52A}"
	ProjectSection(ProjectDependencies) = postProject
		{AD513AB9-C9AA-4A69-AFF0-FCF0673F29AE} = {AD513AB9-C9AA-4A69-AFF0-FCF0673F29AE}
		{274463BB-40FA-4111-A3E3-9175A6F95E14} = {274463BB-40FA-4111-A3E3-9175A6F95E14}
	EndProjectSection
EndProject
Project("{2150E333-8FDC-42A3-9474-1A3956D46DE8}") = "CMakePredefinedTargets", "CMakePredefinedTargets", "{A12C0EBF-7D79-456C-B640-F0C1E1409E98}"
EndProject
Project("{2150E333-8FDC-42A3-9474-1A3956D46DE8}") = "examples", "examples", "{DCE03CD5-0AC7-4298-965C-7E9D4B70857D}"
EndProject
Project("{2150E333-8FDC-42A3-9474-1A3956D46DE8}") = "cpp", "examples\cpp", "{B99CF55A-CF07-45D7-951B-2EE0CDD18674}"
EndProject
Project("{2150E333-8FDC-42A3-9474-1A3956D46DE8}") = "libraries", "libraries", "{7207960D-C0FF-4050-BC52-D120E6F7961D}"
EndProject
Project("{2150E333-8FDC-42A3-9474-1A3956D46DE8}") = "cpp", "libraries\cpp", "{C8AF6EC8-2B2F-44F2-A787-C42010D8FA06}"
EndProject
Global
	GlobalSection(SolutionConfigurationPlatforms) = preSolution
		Debug|Win32 = Debug|Win32
		Release|Win32 = Release|Win32
		MinSizeRel|Win32 = MinSizeRel|Win32
		RelWithDebInfo|Win32 = RelWithDebInfo|Win32
	EndGlobalSection
	GlobalSection(ProjectConfigurationPlatforms) = postSolution
		{2130C3A4-73AD-447A-8AB3-651A0D9498D2}.Debug|Win32.ActiveCfg = Debug|Win32
		{2130C3A4-73AD-447A-8AB3-651A0D9498D2}.Debug|Win32.Build.0 = Debug|Win32
		{2130C3A4-73AD-447A-8AB3-651A0D9498D2}.Release|Win32.ActiveCfg = Release|Win32
		{2130C3A4-73AD-447A-8AB3-651A0D9498D2}.Release|Win32.Build.0 = Release|Win32
		{2130C3A4-73AD-447A-8AB3-651A0D9498D2}.MinSizeRel|Win32.ActiveCfg = MinSizeRel|Win32
		{2130C3A4-73AD-447A-8AB3-651A0D9498D2}.MinSizeRel|Win32.Build.0 = MinSizeRel|Win32
		{2130C3A4-73AD-447A-8AB3-651A0D9498D2}.RelWithDebInfo|Win32.ActiveCfg = RelWithDebInfo|Win32
		{2130C3A4-73AD-447A-8AB3-651A0D9498D2}.RelWithDebInfo|Win32.Build.0 = RelWithDebInfo|Win32
		{CC713B69-F727-4C1A-845D-ACE4D5E0D839}.Debug|Win32.ActiveCfg = Debug|Win32
		{CC713B69-F727-4C1A-845D-ACE4D5E0D839}.Debug|Win32.Build.0 = Debug|Win32
		{CC713B69-F727-4C1A-845D-ACE4D5E0D839}.Release|Win32.ActiveCfg = Release|Win32
		{CC713B69-F727-4C1A-845D-ACE4D5E0D839}.Release|Win32.Build.0 = Release|Win32
		{CC713B69-F727-4C1A-845D-ACE4D5E0D839}.MinSizeRel|Win32.ActiveCfg = MinSizeRel|Win32
		{CC713B69-F727-4C1A-845D-ACE4D5E0D839}.MinSizeRel|Win32.Build.0 = MinSizeRel|Win32
		{CC713B69-F727-4C1A-845D-ACE4D5E0D839}.RelWithDebInfo|Win32.ActiveCfg = RelWithDebInfo|Win32
		{CC713B69-F727-4C1A-845D-ACE4D5E0D839}.RelWithDebInfo|Win32.Build.0 = RelWithDebInfo|Win32
		{A5B1F9EA-9D9A-49B9-884F-A682876C769C}.Debug|Win32.ActiveCfg = Debug|Win32
		{A5B1F9EA-9D9A-49B9-884F-A682876C769C}.Debug|Win32.Build.0 = Debug|Win32
		{A5B1F9EA-9D9A-49B9-884F-A682876C769C}.Release|Win32.ActiveCfg = Release|Win32
		{A5B1F9EA-9D9A-49B9-884F-A682876C769C}.Release|Win32.Build.0 = Release|Win32
		{A5B1F9EA-9D9A-49B9-884F-A682876C769C}.MinSizeRel|Win32.ActiveCfg = MinSizeRel|Win32
		{A5B1F9EA-9D9A-49B9-884F-A682876C769C}.MinSizeRel|Win32.Build.0 = MinSizeRel|Win32
		{A5B1F9EA-9D9A-49B9-884F-A682876C769C}.RelWithDebInfo|Win32.ActiveCfg = RelWithDebInfo|Win32
		{A5B1F9EA-9D9A-49B9-884F-A682876C769C}.RelWithDebInfo|Win32.Build.0 = RelWithDebInfo|Win32
		{E11CE814-9069-4E02-81D3-D8FC67553A33}.Debug|Win32.ActiveCfg = Debug|Win32
		{E11CE814-9069-4E02-81D3-D8FC67553A33}.Release|Win32.ActiveCfg = Release|Win32
		{E11CE814-9069-4E02-81D3-D8FC67553A33}.MinSizeRel|Win32.ActiveCfg = MinSizeRel|Win32
		{E11CE814-9069-4E02-81D3-D8FC67553A33}.RelWithDebInfo|Win32.ActiveCfg = RelWithDebInfo|Win32
		{CC0C7064-2685-4848-80F6-3C41122FD82E}.Debug|Win32.ActiveCfg = Debug|Win32
		{CC0C7064-2685-4848-80F6-3C41122FD82E}.Release|Win32.ActiveCfg = Release|Win32
		{CC0C7064-2685-4848-80F6-3C41122FD82E}.MinSizeRel|Win32.ActiveCfg = MinSizeRel|Win32
		{CC0C7064-2685-4848-80F6-3C41122FD82E}.RelWithDebInfo|Win32.ActiveCfg = RelWithDebInfo|Win32
		{AD513AB9-C9AA-4A69-AFF0-FCF0673F29AE}.Debug|Win32.ActiveCfg = Debug|Win32
		{AD513AB9-C9AA-4A69-AFF0-FCF0673F29AE}.Debug|Win32.Build.0 = Debug|Win32
		{AD513AB9-C9AA-4A69-AFF0-FCF0673F29AE}.Release|Win32.ActiveCfg = Release|Win32
		{AD513AB9-C9AA-4A69-AFF0-FCF0673F29AE}.Release|Win32.Build.0 = Release|Win32
		{AD513AB9-C9AA-4A69-AFF0-FCF0673F29AE}.MinSizeRel|Win32.ActiveCfg = MinSizeRel|Win32
		{AD513AB9-C9AA-4A69-AFF0-FCF0673F29AE}.MinSizeRel|Win32.Build.0 = MinSizeRel|Win32
		{AD513AB9-C9AA-4A69-AFF0-FCF0673F29AE}.RelWithDebInfo|Win32.ActiveCfg = RelWithDebInfo|Win32
		{AD513AB9-C9AA-4A69-AFF0-FCF0673F29AE}.RelWithDebInfo|Win32.Build.0 = RelWithDebInfo|Win32
		{DEEB851A-8683-4107-9E29-B9C7B7D11AC9}.Debug|Win32.ActiveCfg = Debug|Win32
		{DEEB851A-8683-4107-9E29-B9C7B7D11AC9}.Debug|Win32.Build.0 = Debug|Win32
		{DEEB851A-8683-4107-9E29-B9C7B7D11AC9}.Release|Win32.ActiveCfg = Release|Win32
		{DEEB851A-8683-4107-9E29-B9C7B7D11AC9}.Release|Win32.Build.0 = Release|Win32
		{DEEB851A-8683-4107-9E29-B9C7B7D11AC9}.MinSizeRel|Win32.ActiveCfg = MinSizeRel|Win32
		{DEEB851A-8683-4107-9E29-B9C7B7D11AC9}.MinSizeRel|Win32.Build.0 = MinSizeRel|Win32
		{DEEB851A-8683-4107-9E29-B9C7B7D11AC9}.RelWithDebInfo|Win32.ActiveCfg = RelWithDebInfo|Win32
		{DEEB851A-8683-4107-9E29-B9C7B7D11AC9}.RelWithDebInfo|Win32.Build.0 = RelWithDebInfo|Win32
		{9768448C-56A8-4DBF-BA4D-5CCF9392B2E4}.Debug|Win32.ActiveCfg = Debug|Win32
		{9768448C-56A8-4DBF-BA4D-5CCF9392B2E4}.Debug|Win32.Build.0 = Debug|Win32
		{9768448C-56A8-4DBF-BA4D-5CCF9392B2E4}.Release|Win32.ActiveCfg = Release|Win32
		{9768448C-56A8-4DBF-BA4D-5CCF9392B2E4}.Release|Win32.Build.0 = Release|Win32
		{9768448C-56A8-4DBF-BA4D-5CCF9392B2E4}.MinSizeRel|Win32.ActiveCfg = MinSizeRel|Win32
		{9768448C-56A8-4DBF-BA4D-5CCF9392B2E4}.MinSizeRel|Win32.Build.0 = MinSizeRel|Win32
		{9768448C-56A8-4DBF-BA4D-5CCF9392B2E4}.RelWithDebInfo|Win32.ActiveCfg = RelWithDebInfo|Win32
		{9768448C-56A8-4DBF-BA4D-5CCF9392B2E4}.RelWithDebInfo|Win32.Build.0 = RelWithDebInfo|Win32
		{3934333B-D99E-441F-A427-4D52B06C8ACB}.Debug|Win32.ActiveCfg = Debug|Win32
		{3934333B-D99E-441F-A427-4D52B06C8ACB}.Debug|Win32.Build.0 = Debug|Win32
		{3934333B-D99E-441F-A427-4D52B06C8ACB}.Release|Win32.ActiveCfg = Release|Win32
		{3934333B-D99E-441F-A427-4D52B06C8ACB}.Release|Win32.Build.0 = Release|Win32
		{3934333B-D99E-441F-A427-4D52B06C8ACB}.MinSizeRel|Win32.ActiveCfg = MinSizeRel|Win32
		{3934333B-D99E-441F-A427-4D52B06C8ACB}.MinSizeRel|Win32.Build.0 = MinSizeRel|Win32
		{3934333B-D99E-441F-A427-4D52B06C8ACB}.RelWithDebInfo|Win32.ActiveCfg = RelWithDebInfo|Win32
		{3934333B-D99E-441F-A427-4D52B06C8ACB}.RelWithDebInfo|Win32.Build.0 = RelWithDebInfo|Win32
		{F2504E3B-3BD8-4CDC-9278-84F8D30D93D9}.Debug|Win32.ActiveCfg = Debug|Win32
		{F2504E3B-3BD8-4CDC-9278-84F8D30D93D9}.Debug|Win32.Build.0 = Debug|Win32
		{F2504E3B-3BD8-4CDC-9278-84F8D30D93D9}.Release|Win32.ActiveCfg = Release|Win32
		{F2504E3B-3BD8-4CDC-9278-84F8D30D93D9}.Release|Win32.Build.0 = Release|Win32
		{F2504E3B-3BD8-4CDC-9278-84F8D30D93D9}.MinSizeRel|Win32.ActiveCfg = MinSizeRel|Win32
		{F2504E3B-3BD8-4CDC-9278-84F8D30D93D9}.MinSizeRel|Win32.Build.0 = MinSizeRel|Win32
		{F2504E3B-3BD8-4CDC-9278-84F8D30D93D9}.RelWithDebInfo|Win32.ActiveCfg = RelWithDebInfo|Win32
		{F2504E3B-3BD8-4CDC-9278-84F8D30D93D9}.RelWithDebInfo|Win32.Build.0 = RelWithDebInfo|Win32
		{4D7E3B86-5AA3-45BA-A817-3942D4F5B43E}.Debug|Win32.ActiveCfg = Debug|Win32
		{4D7E3B86-5AA3-45BA-A817-3942D4F5B43E}.Debug|Win32.Build.0 = Debug|Win32
		{4D7E3B86-5AA3-45BA-A817-3942D4F5B43E}.Release|Win32.ActiveCfg = Release|Win32
		{4D7E3B86-5AA3-45BA-A817-3942D4F5B43E}.Release|Win32.Build.0 = Release|Win32
		{4D7E3B86-5AA3-45BA-A817-3942D4F5B43E}.MinSizeRel|Win32.ActiveCfg = MinSizeRel|Win32
		{4D7E3B86-5AA3-45BA-A817-3942D4F5B43E}.MinSizeRel|Win32.Build.0 = MinSizeRel|Win32
		{4D7E3B86-5AA3-45BA-A817-3942D4F5B43E}.RelWithDebInfo|Win32.ActiveCfg = RelWithDebInfo|Win32
		{4D7E3B86-5AA3-45BA-A817-3942D4F5B43E}.RelWithDebInfo|Win32.Build.0 = RelWithDebInfo|Win32
		{96201188-2830-42E6-B662-455B28C31E0B}.Debug|Win32.ActiveCfg = Debug|Win32
		{96201188-2830-42E6-B662-455B28C31E0B}.Debug|Win32.Build.0 = Debug|Win32
		{96201188-2830-42E6-B662-455B28C31E0B}.Release|Win32.ActiveCfg = Release|Win32
		{96201188-2830-42E6-B662-455B28C31E0B}.Release|Win32.Build.0 = Release|Win32
		{96201188-2830-42E6-B662-455B28C31E0B}.MinSizeRel|Win32.ActiveCfg = MinSizeRel|Win32
		{96201188-2830-42E6-B662-455B28C31E0B}.MinSizeRel|Win32.Build.0 = MinSizeRel|Win32
		{96201188-2830-42E6-B662-455B28C31E0B}.RelWithDebInfo|Win32.ActiveCfg = RelWithDebInfo|Win32
		{96201188-2830-42E6-B662-455B28C31E0B}.RelWithDebInfo|Win32.Build.0 = RelWithDebInfo|Win32
		{61118F6B-470B-411D-A06F-DD496295B17E}.Debug|Win32.ActiveCfg = Debug|Win32
		{61118F6B-470B-411D-A06F-DD496295B17E}.Debug|Win32.Build.0 = Debug|Win32
		{61118F6B-470B-411D-A06F-DD496295B17E}.Release|Win32.ActiveCfg = Release|Win32
		{61118F6B-470B-411D-A06F-DD496295B17E}.Release|Win32.Build.0 = Release|Win32
		{61118F6B-470B-411D-A06F-DD496295B17E}.MinSizeRel|Win32.ActiveCfg = MinSizeRel|Win32
		{61118F6B-470B-411D-A06F-DD496295B17E}.MinSizeRel|Win32.Build.0 = MinSizeRel|Win32
		{61118F6B-470B-411D-A06F-DD496295B17E}.RelWithDebInfo|Win32.ActiveCfg = RelWithDebInfo|Win32
		{61118F6B-470B-411D-A06F-DD496295B17E}.RelWithDebInfo|Win32.Build.0 = RelWithDebInfo|Win32
		{E82ADE26-6E97-4290-AD85-DB400AC688DE}.Debug|Win32.ActiveCfg = Debug|Win32
		{E82ADE26-6E97-4290-AD85-DB400AC688DE}.Debug|Win32.Build.0 = Debug|Win32
		{E82ADE26-6E97-4290-AD85-DB400AC688DE}.Release|Win32.ActiveCfg = Release|Win32
		{E82ADE26-6E97-4290-AD85-DB400AC688DE}.Release|Win32.Build.0 = Release|Win32
		{E82ADE26-6E97-4290-AD85-DB400AC688DE}.MinSizeRel|Win32.ActiveCfg = MinSizeRel|Win32
		{E82ADE26-6E97-4290-AD85-DB400AC688DE}.MinSizeRel|Win32.Build.0 = MinSizeRel|Win32
		{E82ADE26-6E97-4290-AD85-DB400AC688DE}.RelWithDebInfo|Win32.ActiveCfg = RelWithDebInfo|Win32
		{E82ADE26-6E97-4290-AD85-DB400AC688DE}.RelWithDebInfo|Win32.Build.0 = RelWithDebInfo|Win32
		{C8672EBC-F5BC-457A-8BB6-CE591649FEC9}.Debug|Win32.ActiveCfg = Debug|Win32
		{C8672EBC-F5BC-457A-8BB6-CE591649FEC9}.Debug|Win32.Build.0 = Debug|Win32
		{C8672EBC-F5BC-457A-8BB6-CE591649FEC9}.Release|Win32.ActiveCfg = Release|Win32
		{C8672EBC-F5BC-457A-8BB6-CE591649FEC9}.Release|Win32.Build.0 = Release|Win32
		{C8672EBC-F5BC-457A-8BB6-CE591649FEC9}.MinSizeRel|Win32.ActiveCfg = MinSizeRel|Win32
		{C8672EBC-F5BC-457A-8BB6-CE591649FEC9}.MinSizeRel|Win32.Build.0 = MinSizeRel|Win32
		{C8672EBC-F5BC-457A-8BB6-CE591649FEC9}.RelWithDebInfo|Win32.ActiveCfg = RelWithDebInfo|Win32
		{C8672EBC-F5BC-457A-8BB6-CE591649FEC9}.RelWithDebInfo|Win32.Build.0 = RelWithDebInfo|Win32
		{D91D7F24-2B01-453B-8DBB-4E5E57C6F19E}.Debug|Win32.ActiveCfg = Debug|Win32
		{D91D7F24-2B01-453B-8DBB-4E5E57C6F19E}.Debug|Win32.Build.0 = Debug|Win32
		{D91D7F24-2B01-453B-8DBB-4E5E57C6F19E}.Release|Win32.ActiveCfg = Release|Win32
		{D91D7F24-2B01-453B-8DBB-4E5E57C6F19E}.Release|Win32.Build.0 = Release|Win32
		{D91D7F24-2B01-453B-8DBB-4E5E57C6F19E}.MinSizeRel|Win32.ActiveCfg = MinSizeRel|Win32
		{D91D7F24-2B01-453B-8DBB-4E5E57C6F19E}.MinSizeRel|Win32.Build.0 = MinSizeRel|Win32
		{D91D7F24-2B01-453B-8DBB-4E5E57C6F19E}.RelWithDebInfo|Win32.ActiveCfg = RelWithDebInfo|Win32
		{D91D7F24-2B01-453B-8DBB-4E5E57C6F19E}.RelWithDebInfo|Win32.Build.0 = RelWithDebInfo|Win32
		{DC9B806E-D47B-4FA4-B684-31546D437213}.Debug|Win32.ActiveCfg = Debug|Win32
		{DC9B806E-D47B-4FA4-B684-31546D437213}.Debug|Win32.Build.0 = Debug|Win32
		{DC9B806E-D47B-4FA4-B684-31546D437213}.Release|Win32.ActiveCfg = Release|Win32
		{DC9B806E-D47B-4FA4-B684-31546D437213}.Release|Win32.Build.0 = Release|Win32
		{DC9B806E-D47B-4FA4-B684-31546D437213}.MinSizeRel|Win32.ActiveCfg = MinSizeRel|Win32
		{DC9B806E-D47B-4FA4-B684-31546D437213}.MinSizeRel|Win32.Build.0 = MinSizeRel|Win32
		{DC9B806E-D47B-4FA4-B684-31546D437213}.RelWithDebInfo|Win32.ActiveCfg = RelWithDebInfo|Win32
		{DC9B806E-D47B-4FA4-B684-31546D437213}.RelWithDebInfo|Win32.Build.0 = RelWithDebInfo|Win32
		{348F6952-BB97-436F-9128-1C2CE998BACB}.Debug|Win32.ActiveCfg = Debug|Win32
		{348F6952-BB97-436F-9128-1C2CE998BACB}.Debug|Win32.Build.0 = Debug|Win32
		{348F6952-BB97-436F-9128-1C2CE998BACB}.Release|Win32.ActiveCfg = Release|Win32
		{348F6952-BB97-436F-9128-1C2CE998BACB}.Release|Win32.Build.0 = Release|Win32
		{348F6952-BB97-436F-9128-1C2CE998BACB}.MinSizeRel|Win32.ActiveCfg = MinSizeRel|Win32
		{348F6952-BB97-436F-9128-1C2CE998BACB}.MinSizeRel|Win32.Build.0 = MinSizeRel|Win32
		{348F6952-BB97-436F-9128-1C2CE998BACB}.RelWithDebInfo|Win32.ActiveCfg = RelWithDebInfo|Win32
		{348F6952-BB97-436F-9128-1C2CE998BACB}.RelWithDebInfo|Win32.Build.0 = RelWithDebInfo|Win32
		{FC9F3732-EEC7-4D3B-8119-7A0C36702C93}.Debug|Win32.ActiveCfg = Debug|Win32
		{FC9F3732-EEC7-4D3B-8119-7A0C36702C93}.Debug|Win32.Build.0 = Debug|Win32
		{FC9F3732-EEC7-4D3B-8119-7A0C36702C93}.Release|Win32.ActiveCfg = Release|Win32
		{FC9F3732-EEC7-4D3B-8119-7A0C36702C93}.Release|Win32.Build.0 = Release|Win32
		{FC9F3732-EEC7-4D3B-8119-7A0C36702C93}.MinSizeRel|Win32.ActiveCfg = MinSizeRel|Win32
		{FC9F3732-EEC7-4D3B-8119-7A0C36702C93}.MinSizeRel|Win32.Build.0 = MinSizeRel|Win32
		{FC9F3732-EEC7-4D3B-8119-7A0C36702C93}.RelWithDebInfo|Win32.ActiveCfg = RelWithDebInfo|Win32
		{FC9F3732-EEC7-4D3B-8119-7A0C36702C93}.RelWithDebInfo|Win32.Build.0 = RelWithDebInfo|Win32
		{C59EE1E0-038E-418C-BE59-86EECFEF1E10}.Debug|Win32.ActiveCfg = Debug|Win32
		{C59EE1E0-038E-418C-BE59-86EECFEF1E10}.Debug|Win32.Build.0 = Debug|Win32
		{C59EE1E0-038E-418C-BE59-86EECFEF1E10}.Release|Win32.ActiveCfg = Release|Win32
		{C59EE1E0-038E-418C-BE59-86EECFEF1E10}.Release|Win32.Build.0 = Release|Win32
		{C59EE1E0-038E-418C-BE59-86EECFEF1E10}.MinSizeRel|Win32.ActiveCfg = MinSizeRel|Win32
		{C59EE1E0-038E-418C-BE59-86EECFEF1E10}.MinSizeRel|Win32.Build.0 = MinSizeRel|Win32
		{C59EE1E0-038E-418C-BE59-86EECFEF1E10}.RelWithDebInfo|Win32.ActiveCfg = RelWithDebInfo|Win32
		{C59EE1E0-038E-418C-BE59-86EECFEF1E10}.RelWithDebInfo|Win32.Build.0 = RelWithDebInfo|Win32
		{1A52FF3A-3F12-4100-A26E-E9FF15EF2034}.Debug|Win32.ActiveCfg = Debug|Win32
		{1A52FF3A-3F12-4100-A26E-E9FF15EF2034}.Debug|Win32.Build.0 = Debug|Win32
		{1A52FF3A-3F12-4100-A26E-E9FF15EF2034}.Release|Win32.ActiveCfg = Release|Win32
		{1A52FF3A-3F12-4100-A26E-E9FF15EF2034}.Release|Win32.Build.0 = Release|Win32
		{1A52FF3A-3F12-4100-A26E-E9FF15EF2034}.MinSizeRel|Win32.ActiveCfg = MinSizeRel|Win32
		{1A52FF3A-3F12-4100-A26E-E9FF15EF2034}.MinSizeRel|Win32.Build.0 = MinSizeRel|Win32
		{1A52FF3A-3F12-4100-A26E-E9FF15EF2034}.RelWithDebInfo|Win32.ActiveCfg = RelWithDebInfo|Win32
		{1A52FF3A-3F12-4100-A26E-E9FF15EF2034}.RelWithDebInfo|Win32.Build.0 = RelWithDebInfo|Win32
		{0CD40CAE-007E-40A6-8724-AA9EFC525225}.Debug|Win32.ActiveCfg = Debug|Win32
		{0CD40CAE-007E-40A6-8724-AA9EFC525225}.Debug|Win32.Build.0 = Debug|Win32
		{0CD40CAE-007E-40A6-8724-AA9EFC525225}.Release|Win32.ActiveCfg = Release|Win32
		{0CD40CAE-007E-40A6-8724-AA9EFC525225}.Release|Win32.Build.0 = Release|Win32
		{0CD40CAE-007E-40A6-8724-AA9EFC525225}.MinSizeRel|Win32.ActiveCfg = MinSizeRel|Win32
		{0CD40CAE-007E-40A6-8724-AA9EFC525225}.MinSizeRel|Win32.Build.0 = MinSizeRel|Win32
		{0CD40CAE-007E-40A6-8724-AA9EFC525225}.RelWithDebInfo|Win32.ActiveCfg = RelWithDebInfo|Win32
		{0CD40CAE-007E-40A6-8724-AA9EFC525225}.RelWithDebInfo|Win32.Build.0 = RelWithDebInfo|Win32
		{274463BB-40FA-4111-A3E3-9175A6F95E14}.Debug|Win32.ActiveCfg = Debug|Win32
		{274463BB-40FA-4111-A3E3-9175A6F95E14}.Debug|Win32.Build.0 = Debug|Win32
		{274463BB-40FA-4111-A3E3-9175A6F95E14}.Release|Win32.ActiveCfg = Release|Win32
		{274463BB-40FA-4111-A3E3-9175A6F95E14}.Release|Win32.Build.0 = Release|Win32
		{274463BB-40FA-4111-A3E3-9175A6F95E14}.MinSizeRel|Win32.ActiveCfg = MinSizeRel|Win32
		{274463BB-40FA-4111-A3E3-9175A6F95E14}.MinSizeRel|Win32.Build.0 = MinSizeRel|Win32
		{274463BB-40FA-4111-A3E3-9175A6F95E14}.RelWithDebInfo|Win32.ActiveCfg = RelWithDebInfo|Win32
		{274463BB-40FA-4111-A3E3-9175A6F95E14}.RelWithDebInfo|Win32.Build.0 = RelWithDebInfo|Win32
		{924FA3D4-DF29-46A7-A8E4-E498C8E5D52A}.Debug|Win32.ActiveCfg = Debug|Win32
		{924FA3D4-DF29-46A7-A8E4-E498C8E5D52A}.Debug|Win32.Build.0 = Debug|Win32
		{924FA3D4-DF29-46A7-A8E4-E498C8E5D52A}.Release|Win32.ActiveCfg = Release|Win32
		{924FA3D4-DF29-46A7-A8E4-E498C8E5D52A}.Release|Win32.Build.0 = Release|Win32
		{924FA3D4-DF29-46A7-A8E4-E498C8E5D52A}.MinSizeRel|Win32.ActiveCfg = MinSizeRel|Win32
		{924FA3D4-DF29-46A7-A8E4-E498C8E5D52A}.MinSizeRel|Win32.Build.0 = MinSizeRel|Win32
		{924FA3D4-DF29-46A7-A8E4-E498C8E5D52A}.RelWithDebInfo|Win32.ActiveCfg = RelWithDebInfo|Win32
		{924FA3D4-DF29-46A7-A8E4-E498C8E5D52A}.RelWithDebInfo|Win32.Build.0 = RelWithDebInfo|Win32
	EndGlobalSection
	GlobalSection(NestedProjects) = preSolution
		{E11CE814-9069-4E02-81D3-D8FC67553A33} = {A12C0EBF-7D79-456C-B640-F0C1E1409E98}
		{CC0C7064-2685-4848-80F6-3C41122FD82E} = {A12C0EBF-7D79-456C-B640-F0C1E1409E98}
		{AD513AB9-C9AA-4A69-AFF0-FCF0673F29AE} = {A12C0EBF-7D79-456C-B640-F0C1E1409E98}
		{B99CF55A-CF07-45D7-951B-2EE0CDD18674} = {DCE03CD5-0AC7-4298-965C-7E9D4B70857D}
		{DEEB851A-8683-4107-9E29-B9C7B7D11AC9} = {B99CF55A-CF07-45D7-951B-2EE0CDD18674}
		{9768448C-56A8-4DBF-BA4D-5CCF9392B2E4} = {B99CF55A-CF07-45D7-951B-2EE0CDD18674}
		{3934333B-D99E-441F-A427-4D52B06C8ACB} = {B99CF55A-CF07-45D7-951B-2EE0CDD18674}
		{F2504E3B-3BD8-4CDC-9278-84F8D30D93D9} = {B99CF55A-CF07-45D7-951B-2EE0CDD18674}
		{4D7E3B86-5AA3-45BA-A817-3942D4F5B43E} = {B99CF55A-CF07-45D7-951B-2EE0CDD18674}
		{96201188-2830-42E6-B662-455B28C31E0B} = {B99CF55A-CF07-45D7-951B-2EE0CDD18674}
		{61118F6B-470B-411D-A06F-DD496295B17E} = {B99CF55A-CF07-45D7-951B-2EE0CDD18674}
		{E82ADE26-6E97-4290-AD85-DB400AC688DE} = {B99CF55A-CF07-45D7-951B-2EE0CDD18674}
		{C8672EBC-F5BC-457A-8BB6-CE591649FEC9} = {B99CF55A-CF07-45D7-951B-2EE0CDD18674}
		{D91D7F24-2B01-453B-8DBB-4E5E57C6F19E} = {B99CF55A-CF07-45D7-951B-2EE0CDD18674}
		{DC9B806E-D47B-4FA4-B684-31546D437213} = {B99CF55A-CF07-45D7-951B-2EE0CDD18674}
		{348F6952-BB97-436F-9128-1C2CE998BACB} = {B99CF55A-CF07-45D7-951B-2EE0CDD18674}
		{FC9F3732-EEC7-4D3B-8119-7A0C36702C93} = {B99CF55A-CF07-45D7-951B-2EE0CDD18674}
		{C59EE1E0-038E-418C-BE59-86EECFEF1E10} = {B99CF55A-CF07-45D7-951B-2EE0CDD18674}
		{1A52FF3A-3F12-4100-A26E-E9FF15EF2034} = {B99CF55A-CF07-45D7-951B-2EE0CDD18674}
		{0CD40CAE-007E-40A6-8724-AA9EFC525225} = {B99CF55A-CF07-45D7-951B-2EE0CDD18674}
		{C8AF6EC8-2B2F-44F2-A787-C42010D8FA06} = {7207960D-C0FF-4050-BC52-D120E6F7961D}
		{274463BB-40FA-4111-A3E3-9175A6F95E14} = {7207960D-C0FF-4050-BC52-D120E6F7961D}
		{924FA3D4-DF29-46A7-A8E4-E498C8E5D52A} = {C8AF6EC8-2B2F-44F2-A787-C42010D8FA06}
	EndGlobalSection
	GlobalSection(ExtensibilityGlobals) = postSolution
	EndGlobalSection
	GlobalSection(ExtensibilityAddIns) = postSolution
	EndGlobalSection
EndGlobal
